// !$*UTF8*$!
{
	archiveVersion = 1;
	classes = {
	};
	objectVersion = 48;
	objects = {

/* Begin PBXBuildFile section */
		4C11E4332355B0FA00AD8C3A /* Security.framework in Frameworks */ = {isa = PBXBuildFile; fileRef = 4C11E4322355B0FA00AD8C3A /* Security.framework */; };
		4C11E4362355B22800AD8C3A /* KeychainItemWrapper.m in Sources */ = {isa = PBXBuildFile; fileRef = 4C11E4352355B22800AD8C3A /* KeychainItemWrapper.m */; };
		4C2A1373235B20AE00DD425C /* StartScreenINstructionOne.m in Sources */ = {isa = PBXBuildFile; fileRef = 4C2A1372235B20AE00DD425C /* StartScreenINstructionOne.m */; };
		4C2A1376235B20C900DD425C /* StartScreenInstructionTwo.m in Sources */ = {isa = PBXBuildFile; fileRef = 4C2A1375235B20C900DD425C /* StartScreenInstructionTwo.m */; };
		4C385DE123788E3E0042CA6B /* PaymentGood.m in Sources */ = {isa = PBXBuildFile; fileRef = 4C385DE023788E3E0042CA6B /* PaymentGood.m */; };
		4C385DE323789CCD0042CA6B /* GoogleService-Info.plist in Resources */ = {isa = PBXBuildFile; fileRef = 4C385DE223789CCD0042CA6B /* GoogleService-Info.plist */; };
		4C5986D422FEE88A00D59269 /* BallsCount.m in Sources */ = {isa = PBXBuildFile; fileRef = 4C5986D322FEE88A00D59269 /* BallsCount.m */; };
		4C5986D722FF044B00D59269 /* BallsGood.m in Sources */ = {isa = PBXBuildFile; fileRef = 4C5986D622FF044B00D59269 /* BallsGood.m */; };
		4C5986DB22FF05CA00D59269 /* NewsSam.m in Sources */ = {isa = PBXBuildFile; fileRef = 4C5986DA22FF05CA00D59269 /* NewsSam.m */; };
		4C5986DE22FF0C4F00D59269 /* PageContentViewControllerNews.m in Sources */ = {isa = PBXBuildFile; fileRef = 4C5986DD22FF0C4F00D59269 /* PageContentViewControllerNews.m */; };
		4C66CF1E23547C9B00A453A4 /* TrustDefender.framework in Frameworks */ = {isa = PBXBuildFile; fileRef = 4C66CF1D23547C9B00A453A4 /* TrustDefender.framework */; };
		4C8483532300632300871616 /* FAQViewController.m in Sources */ = {isa = PBXBuildFile; fileRef = 4C8483522300632300871616 /* FAQViewController.m */; };
		4C84835623006A5700871616 /* UIColor+AppColors.m in Sources */ = {isa = PBXBuildFile; fileRef = 4C84835523006A5700871616 /* UIColor+AppColors.m */; };
		4CBCC4B6232FE0C900D478CE /* FAQFormViewController.m in Sources */ = {isa = PBXBuildFile; fileRef = 4CBCC4B5232FE0C900D478CE /* FAQFormViewController.m */; };
		4CBCC4B9232FE0D800D478CE /* FAQCoolViewController.m in Sources */ = {isa = PBXBuildFile; fileRef = 4CBCC4B8232FE0D800D478CE /* FAQCoolViewController.m */; };
		4CEF54DA2355F469006F0BF1 /* PageContentViewController.m in Sources */ = {isa = PBXBuildFile; fileRef = 4CEF54D92355F469006F0BF1 /* PageContentViewController.m */; };
		4CEF54DE2355F47C006F0BF1 /* Instruction.m in Sources */ = {isa = PBXBuildFile; fileRef = 4CEF54DD2355F47C006F0BF1 /* Instruction.m */; };
		4CF535D12354771100C4FB65 /* PaymentController.swift in Sources */ = {isa = PBXBuildFile; fileRef = 4CF535D02354771100C4FB65 /* PaymentController.swift */; };
		7A3B621700106061AC1C9CD8 /* Pods_SAM.framework in Frameworks */ = {isa = PBXBuildFile; fileRef = 73E7DB50C0ABCC4A5D0C88F4 /* Pods_SAM.framework */; };
		CE032C641D7D880600851FF4 /* main.m in Sources */ = {isa = PBXBuildFile; fileRef = CE032C631D7D880600851FF4 /* main.m */; };
		CE032C671D7D880600851FF4 /* AppDelegate.m in Sources */ = {isa = PBXBuildFile; fileRef = CE032C661D7D880600851FF4 /* AppDelegate.m */; };
		CE032C6A1D7D880600851FF4 /* ViewController.m in Sources */ = {isa = PBXBuildFile; fileRef = CE032C691D7D880600851FF4 /* ViewController.m */; };
		CE032C6D1D7D880600851FF4 /* Main.storyboard in Resources */ = {isa = PBXBuildFile; fileRef = CE032C6B1D7D880600851FF4 /* Main.storyboard */; };
		CE032C6F1D7D880600851FF4 /* Assets.xcassets in Resources */ = {isa = PBXBuildFile; fileRef = CE032C6E1D7D880600851FF4 /* Assets.xcassets */; };
		CE032C721D7D880600851FF4 /* LaunchScreen.storyboard in Resources */ = {isa = PBXBuildFile; fileRef = CE032C701D7D880600851FF4 /* LaunchScreen.storyboard */; };
		CE032C7D1D7D880600851FF4 /* SAMTests.m in Sources */ = {isa = PBXBuildFile; fileRef = CE032C7C1D7D880600851FF4 /* SAMTests.m */; };
		CE032C881D7D880600851FF4 /* SAMUITests.m in Sources */ = {isa = PBXBuildFile; fileRef = CE032C871D7D880600851FF4 /* SAMUITests.m */; };
		CE032C961D7D881200851FF4 /* MapKit.framework in Frameworks */ = {isa = PBXBuildFile; fileRef = CE032C951D7D881200851FF4 /* MapKit.framework */; };
		CE032CA51D7D8F4400851FF4 /* LICENSE.txt in Resources */ = {isa = PBXBuildFile; fileRef = CE032C981D7D8F4400851FF4 /* LICENSE.txt */; };
		CE032CA61D7D8F4400851FF4 /* Roboto-Black.ttf in Resources */ = {isa = PBXBuildFile; fileRef = CE032C991D7D8F4400851FF4 /* Roboto-Black.ttf */; };
		CE032CA71D7D8F4400851FF4 /* Roboto-BlackItalic.ttf in Resources */ = {isa = PBXBuildFile; fileRef = CE032C9A1D7D8F4400851FF4 /* Roboto-BlackItalic.ttf */; };
		CE032CA81D7D8F4400851FF4 /* Roboto-Bold.ttf in Resources */ = {isa = PBXBuildFile; fileRef = CE032C9B1D7D8F4400851FF4 /* Roboto-Bold.ttf */; };
		CE032CA91D7D8F4400851FF4 /* Roboto-BoldItalic.ttf in Resources */ = {isa = PBXBuildFile; fileRef = CE032C9C1D7D8F4400851FF4 /* Roboto-BoldItalic.ttf */; };
		CE032CAA1D7D8F4400851FF4 /* Roboto-Italic.ttf in Resources */ = {isa = PBXBuildFile; fileRef = CE032C9D1D7D8F4400851FF4 /* Roboto-Italic.ttf */; };
		CE032CAB1D7D8F4400851FF4 /* Roboto-Light.ttf in Resources */ = {isa = PBXBuildFile; fileRef = CE032C9E1D7D8F4400851FF4 /* Roboto-Light.ttf */; };
		CE032CAC1D7D8F4400851FF4 /* Roboto-LightItalic.ttf in Resources */ = {isa = PBXBuildFile; fileRef = CE032C9F1D7D8F4400851FF4 /* Roboto-LightItalic.ttf */; };
		CE032CAD1D7D8F4400851FF4 /* Roboto-Medium.ttf in Resources */ = {isa = PBXBuildFile; fileRef = CE032CA01D7D8F4400851FF4 /* Roboto-Medium.ttf */; };
		CE032CAE1D7D8F4400851FF4 /* Roboto-MediumItalic.ttf in Resources */ = {isa = PBXBuildFile; fileRef = CE032CA11D7D8F4400851FF4 /* Roboto-MediumItalic.ttf */; };
		CE032CAF1D7D8F4400851FF4 /* Roboto-Regular.ttf in Resources */ = {isa = PBXBuildFile; fileRef = CE032CA21D7D8F4400851FF4 /* Roboto-Regular.ttf */; };
		CE032CB01D7D8F4400851FF4 /* Roboto-Thin.ttf in Resources */ = {isa = PBXBuildFile; fileRef = CE032CA31D7D8F4400851FF4 /* Roboto-Thin.ttf */; };
		CE032CB11D7D8F4400851FF4 /* Roboto-ThinItalic.ttf in Resources */ = {isa = PBXBuildFile; fileRef = CE032CA41D7D8F4400851FF4 /* Roboto-ThinItalic.ttf */; };
		CE032CB91D7D905500851FF4 /* MyNavigationBar.m in Sources */ = {isa = PBXBuildFile; fileRef = CE032CB41D7D905500851FF4 /* MyNavigationBar.m */; };
		CE032CBA1D7D905500851FF4 /* MyNavigationControll.m in Sources */ = {isa = PBXBuildFile; fileRef = CE032CB61D7D905500851FF4 /* MyNavigationControll.m */; };
		CE032CBB1D7D905500851FF4 /* MyTabBar.m in Sources */ = {isa = PBXBuildFile; fileRef = CE032CB81D7D905500851FF4 /* MyTabBar.m */; };
		CE032CD81D7D99A700851FF4 /* BuyCoins.m in Sources */ = {isa = PBXBuildFile; fileRef = CE032CD71D7D99A700851FF4 /* BuyCoins.m */; };
		CE032CDB1D7DA8CA00851FF4 /* QREncoder.m in Sources */ = {isa = PBXBuildFile; fileRef = CE032CDA1D7DA8CA00851FF4 /* QREncoder.m */; };
		CE032CE91D7DA9AA00851FF4 /* bitstream.c in Sources */ = {isa = PBXBuildFile; fileRef = CE032CDC1D7DA9AA00851FF4 /* bitstream.c */; };
		CE032CEA1D7DA9AA00851FF4 /* qrenc.c in Sources */ = {isa = PBXBuildFile; fileRef = CE032CE01D7DA9AA00851FF4 /* qrenc.c */; };
		CE032CEB1D7DA9AA00851FF4 /* qrinput.c in Sources */ = {isa = PBXBuildFile; fileRef = CE032CE31D7DA9AA00851FF4 /* qrinput.c */; };
		CE032CEC1D7DA9AA00851FF4 /* rscode.c in Sources */ = {isa = PBXBuildFile; fileRef = CE032CE61D7DA9AA00851FF4 /* rscode.c */; };
		CE032CF11D7DA9BB00851FF4 /* mask.c in Sources */ = {isa = PBXBuildFile; fileRef = CE032CED1D7DA9BB00851FF4 /* mask.c */; };
		CE032CF21D7DA9BB00851FF4 /* qrencode.c in Sources */ = {isa = PBXBuildFile; fileRef = CE032CEE1D7DA9BB00851FF4 /* qrencode.c */; };
		CE032CF31D7DA9BB00851FF4 /* qrspec.c in Sources */ = {isa = PBXBuildFile; fileRef = CE032CEF1D7DA9BB00851FF4 /* qrspec.c */; };
		CE032CF41D7DA9BB00851FF4 /* split.c in Sources */ = {isa = PBXBuildFile; fileRef = CE032CF01D7DA9BB00851FF4 /* split.c */; };
		CE032CF81D7DAB7F00851FF4 /* MyCoin.m in Sources */ = {isa = PBXBuildFile; fileRef = CE032CF71D7DAB7F00851FF4 /* MyCoin.m */; };
		CE122AE41DE83138008289AA /* Social.framework in Frameworks */ = {isa = PBXBuildFile; fileRef = CE122AE31DE83138008289AA /* Social.framework */; };
		CE238C791E26345B006AF131 /* CalloutAnnotation.m in Sources */ = {isa = PBXBuildFile; fileRef = CE238C721E26345B006AF131 /* CalloutAnnotation.m */; };
		CE238C7A1E26345C006AF131 /* CalloutAnnotationView.m in Sources */ = {isa = PBXBuildFile; fileRef = CE238C741E26345B006AF131 /* CalloutAnnotationView.m */; };
		CE238C7B1E26345C006AF131 /* PinAnnotation.m in Sources */ = {isa = PBXBuildFile; fileRef = CE238C761E26345B006AF131 /* PinAnnotation.m */; };
		CE238C7C1E26345C006AF131 /* UIView+MKAnnotationView.m in Sources */ = {isa = PBXBuildFile; fileRef = CE238C781E26345B006AF131 /* UIView+MKAnnotationView.m */; };
		CE238C7F1E263473006AF131 /* MapViewController.m in Sources */ = {isa = PBXBuildFile; fileRef = CE238C7E1E263473006AF131 /* MapViewController.m */; };
		CE2ADAFE1DBE117E005BFAED /* SetPassController.m in Sources */ = {isa = PBXBuildFile; fileRef = CE2ADAFD1DBE117E005BFAED /* SetPassController.m */; };
		CE2DFA5E22FD82C400669C69 /* ActiveViewController.m in Sources */ = {isa = PBXBuildFile; fileRef = CE2DFA5D22FD82C400669C69 /* ActiveViewController.m */; };
		CE2DFA6122FD82E900669C69 /* InactiveViewController.m in Sources */ = {isa = PBXBuildFile; fileRef = CE2DFA6022FD82E900669C69 /* InactiveViewController.m */; };
		CE2DFA6422FD82FE00669C69 /* BallsViewController.m in Sources */ = {isa = PBXBuildFile; fileRef = CE2DFA6322FD82FE00669C69 /* BallsViewController.m */; };
		CE2DFA6722FD88D000669C69 /* MyBySwitchController.m in Sources */ = {isa = PBXBuildFile; fileRef = CE2DFA6622FD88D000669C69 /* MyBySwitchController.m */; };
		CE2DFA6B22FDBE3900669C69 /* MyTabBarController.m in Sources */ = {isa = PBXBuildFile; fileRef = CE2DFA6A22FDBE3900669C69 /* MyTabBarController.m */; };
		CE370DF51DA2B0660027D66B /* ConfirmRegister.m in Sources */ = {isa = PBXBuildFile; fileRef = CE370DF41DA2B0660027D66B /* ConfirmRegister.m */; };
		CE376D931E35F58B00B0FCFD /* SwitchMap.m in Sources */ = {isa = PBXBuildFile; fileRef = CE376D921E35F58B00B0FCFD /* SwitchMap.m */; };
		CE39BA3F1D9406EA00C5256A /* RegistrClass.m in Sources */ = {isa = PBXBuildFile; fileRef = CE39BA3E1D9406EA00C5256A /* RegistrClass.m */; };
		CE39BA421D94239E00C5256A /* Enter.m in Sources */ = {isa = PBXBuildFile; fileRef = CE39BA411D94239E00C5256A /* Enter.m */; };
		CE53C9721DAE7969004BDB27 /* Payments.m in Sources */ = {isa = PBXBuildFile; fileRef = CE53C9711DAE7969004BDB27 /* Payments.m */; };
		CE53C9751DAE798F004BDB27 /* Payment.m in Sources */ = {isa = PBXBuildFile; fileRef = CE53C9741DAE798F004BDB27 /* Payment.m */; };
		CE6BE0AA1D8815D4000F5CE4 /* StartScreenView.m in Sources */ = {isa = PBXBuildFile; fileRef = CE6BE0A91D8815D4000F5CE4 /* StartScreenView.m */; };
		CE6BE0AD1D884F15000F5CE4 /* WebKit.framework in Frameworks */ = {isa = PBXBuildFile; fileRef = CE6BE0AC1D884F15000F5CE4 /* WebKit.framework */; };
		CE6DA26D1E24D38E0072CEC9 /* SystemConfiguration.framework in Frameworks */ = {isa = PBXBuildFile; fileRef = CE6DA26C1E24D38E0072CEC9 /* SystemConfiguration.framework */; };
		CE727DA51DE1AFA9008D2691 /* UserNotifications.framework in Frameworks */ = {isa = PBXBuildFile; fileRef = CE727DA41DE1AFA9008D2691 /* UserNotifications.framework */; settings = {ATTRIBUTES = (Weak, ); }; };
		CE7A0B971E0BEF66002FFD9F /* MessageUI.framework in Frameworks */ = {isa = PBXBuildFile; fileRef = CE7A0B961E0BEF66002FFD9F /* MessageUI.framework */; };
		CE7B6D3D1DDB4626004852FB /* RecoveryPassword.m in Sources */ = {isa = PBXBuildFile; fileRef = CE7B6D3C1DDB4626004852FB /* RecoveryPassword.m */; };
		CEA421F01DDC49BE00917653 /* NewPassword.m in Sources */ = {isa = PBXBuildFile; fileRef = CEA421EF1DDC49BE00917653 /* NewPassword.m */; };
		CECB7AD31DC75DA2008CA095 /* AppleMapViewController.m in Sources */ = {isa = PBXBuildFile; fileRef = CECB7AD21DC75DA2008CA095 /* AppleMapViewController.m */; };
		CECB7AD51DC75E31008CA095 /* CoreLocation.framework in Frameworks */ = {isa = PBXBuildFile; fileRef = CECB7AD41DC75E31008CA095 /* CoreLocation.framework */; settings = {ATTRIBUTES = (Weak, ); }; };
		CEE34DE41DEC36A700EBF5D2 /* ConfirmAuthorize.m in Sources */ = {isa = PBXBuildFile; fileRef = CEE34DE31DEC36A700EBF5D2 /* ConfirmAuthorize.m */; };
		CEE35A911DA2724E008D916C /* API.m in Sources */ = {isa = PBXBuildFile; fileRef = CEE35A901DA2724E008D916C /* API.m */; };
		CEEA754E1E02BCCC000D73D3 /* TermOfUse.m in Sources */ = {isa = PBXBuildFile; fileRef = CEEA754D1E02BCCC000D73D3 /* TermOfUse.m */; };
/* End PBXBuildFile section */

/* Begin PBXContainerItemProxy section */
		CE032C791D7D880600851FF4 /* PBXContainerItemProxy */ = {
			isa = PBXContainerItemProxy;
			containerPortal = CE032C571D7D880600851FF4 /* Project object */;
			proxyType = 1;
			remoteGlobalIDString = CE032C5E1D7D880600851FF4;
			remoteInfo = SAM;
		};
		CE032C841D7D880600851FF4 /* PBXContainerItemProxy */ = {
			isa = PBXContainerItemProxy;
			containerPortal = CE032C571D7D880600851FF4 /* Project object */;
			proxyType = 1;
			remoteGlobalIDString = CE032C5E1D7D880600851FF4;
			remoteInfo = SAM;
		};
/* End PBXContainerItemProxy section */

/* Begin PBXFileReference section */
		436258D0220DE5B3CE095429 /* Pods-SAM.debug.xcconfig */ = {isa = PBXFileReference; includeInIndex = 1; lastKnownFileType = text.xcconfig; name = "Pods-SAM.debug.xcconfig"; path = "Pods/Target Support Files/Pods-SAM/Pods-SAM.debug.xcconfig"; sourceTree = "<group>"; };
		4C11E4322355B0FA00AD8C3A /* Security.framework */ = {isa = PBXFileReference; lastKnownFileType = wrapper.framework; name = Security.framework; path = System/Library/Frameworks/Security.framework; sourceTree = SDKROOT; };
		4C11E4342355B22800AD8C3A /* KeychainItemWrapper.h */ = {isa = PBXFileReference; fileEncoding = 4; lastKnownFileType = sourcecode.c.h; name = KeychainItemWrapper.h; path = KeychainItemWrapper/KeychainItemWrapper.h; sourceTree = "<group>"; };
		4C11E4352355B22800AD8C3A /* KeychainItemWrapper.m */ = {isa = PBXFileReference; fileEncoding = 4; lastKnownFileType = sourcecode.c.objc; name = KeychainItemWrapper.m; path = KeychainItemWrapper/KeychainItemWrapper.m; sourceTree = "<group>"; };
		4C2A1371235B20AE00DD425C /* StartScreenINstructionOne.h */ = {isa = PBXFileReference; lastKnownFileType = sourcecode.c.h; path = StartScreenINstructionOne.h; sourceTree = "<group>"; };
		4C2A1372235B20AE00DD425C /* StartScreenINstructionOne.m */ = {isa = PBXFileReference; lastKnownFileType = sourcecode.c.objc; path = StartScreenINstructionOne.m; sourceTree = "<group>"; };
		4C2A1374235B20C900DD425C /* StartScreenInstructionTwo.h */ = {isa = PBXFileReference; lastKnownFileType = sourcecode.c.h; path = StartScreenInstructionTwo.h; sourceTree = "<group>"; };
		4C2A1375235B20C900DD425C /* StartScreenInstructionTwo.m */ = {isa = PBXFileReference; lastKnownFileType = sourcecode.c.objc; path = StartScreenInstructionTwo.m; sourceTree = "<group>"; };
		4C385DDF23788E3E0042CA6B /* PaymentGood.h */ = {isa = PBXFileReference; lastKnownFileType = sourcecode.c.h; path = PaymentGood.h; sourceTree = "<group>"; };
		4C385DE023788E3E0042CA6B /* PaymentGood.m */ = {isa = PBXFileReference; lastKnownFileType = sourcecode.c.objc; path = PaymentGood.m; sourceTree = "<group>"; };
		4C385DE223789CCD0042CA6B /* GoogleService-Info.plist */ = {isa = PBXFileReference; lastKnownFileType = text.plist; path = "GoogleService-Info.plist"; sourceTree = SOURCE_ROOT; };
		4C5986D222FEE88A00D59269 /* BallsCount.h */ = {isa = PBXFileReference; lastKnownFileType = sourcecode.c.h; path = BallsCount.h; sourceTree = "<group>"; };
		4C5986D322FEE88A00D59269 /* BallsCount.m */ = {isa = PBXFileReference; lastKnownFileType = sourcecode.c.objc; path = BallsCount.m; sourceTree = "<group>"; };
		4C5986D522FF044B00D59269 /* BallsGood.h */ = {isa = PBXFileReference; lastKnownFileType = sourcecode.c.h; path = BallsGood.h; sourceTree = "<group>"; };
		4C5986D622FF044B00D59269 /* BallsGood.m */ = {isa = PBXFileReference; lastKnownFileType = sourcecode.c.objc; path = BallsGood.m; sourceTree = "<group>"; };
		4C5986D922FF05CA00D59269 /* NewsSam.h */ = {isa = PBXFileReference; lastKnownFileType = sourcecode.c.h; path = NewsSam.h; sourceTree = "<group>"; };
		4C5986DA22FF05CA00D59269 /* NewsSam.m */ = {isa = PBXFileReference; lastKnownFileType = sourcecode.c.objc; path = NewsSam.m; sourceTree = "<group>"; };
		4C5986DC22FF0C4F00D59269 /* PageContentViewControllerNews.h */ = {isa = PBXFileReference; lastKnownFileType = sourcecode.c.h; path = PageContentViewControllerNews.h; sourceTree = "<group>"; };
		4C5986DD22FF0C4F00D59269 /* PageContentViewControllerNews.m */ = {isa = PBXFileReference; lastKnownFileType = sourcecode.c.objc; path = PageContentViewControllerNews.m; sourceTree = "<group>"; };
		4C66CF1D23547C9B00A453A4 /* TrustDefender.framework */ = {isa = PBXFileReference; lastKnownFileType = wrapper.framework; name = TrustDefender.framework; path = Pods/TrustDefender.framework; sourceTree = "<group>"; };
		4C8483512300632300871616 /* FAQViewController.h */ = {isa = PBXFileReference; lastKnownFileType = sourcecode.c.h; path = FAQViewController.h; sourceTree = "<group>"; };
		4C8483522300632300871616 /* FAQViewController.m */ = {isa = PBXFileReference; lastKnownFileType = sourcecode.c.objc; path = FAQViewController.m; sourceTree = "<group>"; };
		4C84835423006A5700871616 /* UIColor+AppColors.h */ = {isa = PBXFileReference; fileEncoding = 4; lastKnownFileType = sourcecode.c.h; path = "UIColor+AppColors.h"; sourceTree = "<group>"; };
		4C84835523006A5700871616 /* UIColor+AppColors.m */ = {isa = PBXFileReference; fileEncoding = 4; lastKnownFileType = sourcecode.c.objc; path = "UIColor+AppColors.m"; sourceTree = "<group>"; };
		4CBCC4B4232FE0C900D478CE /* FAQFormViewController.h */ = {isa = PBXFileReference; lastKnownFileType = sourcecode.c.h; path = FAQFormViewController.h; sourceTree = "<group>"; };
		4CBCC4B5232FE0C900D478CE /* FAQFormViewController.m */ = {isa = PBXFileReference; lastKnownFileType = sourcecode.c.objc; path = FAQFormViewController.m; sourceTree = "<group>"; };
		4CBCC4B7232FE0D800D478CE /* FAQCoolViewController.h */ = {isa = PBXFileReference; lastKnownFileType = sourcecode.c.h; path = FAQCoolViewController.h; sourceTree = "<group>"; };
		4CBCC4B8232FE0D800D478CE /* FAQCoolViewController.m */ = {isa = PBXFileReference; lastKnownFileType = sourcecode.c.objc; path = FAQCoolViewController.m; sourceTree = "<group>"; };
		4CC5ABC62358C1CA009FDD0D /* ru */ = {isa = PBXFileReference; lastKnownFileType = text.plist.strings; name = ru; path = ru.lproj/Main.strings; sourceTree = "<group>"; };
		4CC5ABC72358C1CB009FDD0D /* ru */ = {isa = PBXFileReference; lastKnownFileType = text.plist.strings; name = ru; path = ru.lproj/LaunchScreen.strings; sourceTree = "<group>"; };
		4CCA537A235F26A200D339AE /* SAM-Bridging-Header.h */ = {isa = PBXFileReference; lastKnownFileType = sourcecode.c.h; name = "SAM-Bridging-Header.h"; path = "../../Font/SAM-Bridging-Header.h"; sourceTree = "<group>"; };
		4CEF54D92355F469006F0BF1 /* PageContentViewController.m */ = {isa = PBXFileReference; fileEncoding = 4; lastKnownFileType = sourcecode.c.objc; path = PageContentViewController.m; sourceTree = "<group>"; };
		4CEF54DB2355F46F006F0BF1 /* PageContentViewController.h */ = {isa = PBXFileReference; lastKnownFileType = sourcecode.c.h; path = PageContentViewController.h; sourceTree = "<group>"; };
		4CEF54DC2355F478006F0BF1 /* Instruction.h */ = {isa = PBXFileReference; lastKnownFileType = sourcecode.c.h; path = Instruction.h; sourceTree = "<group>"; };
		4CEF54DD2355F47C006F0BF1 /* Instruction.m */ = {isa = PBXFileReference; fileEncoding = 4; lastKnownFileType = sourcecode.c.objc; path = Instruction.m; sourceTree = "<group>"; };
		4CF535D02354771100C4FB65 /* PaymentController.swift */ = {isa = PBXFileReference; lastKnownFileType = sourcecode.swift; path = PaymentController.swift; sourceTree = "<group>"; };
		63E4B72AABD4503A5AE7D0A1 /* libPods-SAMTests.a */ = {isa = PBXFileReference; explicitFileType = archive.ar; includeInIndex = 0; path = "libPods-SAMTests.a"; sourceTree = BUILT_PRODUCTS_DIR; };
		73E7DB50C0ABCC4A5D0C88F4 /* Pods_SAM.framework */ = {isa = PBXFileReference; explicitFileType = wrapper.framework; includeInIndex = 0; path = Pods_SAM.framework; sourceTree = BUILT_PRODUCTS_DIR; };
		97F9360CB2BC398680DE2D27 /* libPods-SAMUITests.a */ = {isa = PBXFileReference; explicitFileType = archive.ar; includeInIndex = 0; path = "libPods-SAMUITests.a"; sourceTree = BUILT_PRODUCTS_DIR; };
		B91BD7A479C9816403620E1B /* Pods-SAM.release.xcconfig */ = {isa = PBXFileReference; includeInIndex = 1; lastKnownFileType = text.xcconfig; name = "Pods-SAM.release.xcconfig"; path = "Pods/Target Support Files/Pods-SAM/Pods-SAM.release.xcconfig"; sourceTree = "<group>"; };
		CE032C5F1D7D880600851FF4 /* SAM.app */ = {isa = PBXFileReference; explicitFileType = wrapper.application; includeInIndex = 0; path = SAM.app; sourceTree = BUILT_PRODUCTS_DIR; };
		CE032C631D7D880600851FF4 /* main.m */ = {isa = PBXFileReference; lastKnownFileType = sourcecode.c.objc; path = main.m; sourceTree = "<group>"; };
		CE032C651D7D880600851FF4 /* AppDelegate.h */ = {isa = PBXFileReference; lastKnownFileType = sourcecode.c.h; path = AppDelegate.h; sourceTree = "<group>"; };
		CE032C661D7D880600851FF4 /* AppDelegate.m */ = {isa = PBXFileReference; lastKnownFileType = sourcecode.c.objc; path = AppDelegate.m; sourceTree = "<group>"; };
		CE032C681D7D880600851FF4 /* ViewController.h */ = {isa = PBXFileReference; lastKnownFileType = sourcecode.c.h; path = ViewController.h; sourceTree = "<group>"; };
		CE032C691D7D880600851FF4 /* ViewController.m */ = {isa = PBXFileReference; lastKnownFileType = sourcecode.c.objc; path = ViewController.m; sourceTree = "<group>"; };
		CE032C6C1D7D880600851FF4 /* Base */ = {isa = PBXFileReference; lastKnownFileType = file.storyboard; name = Base; path = Base.lproj/Main.storyboard; sourceTree = "<group>"; };
		CE032C6E1D7D880600851FF4 /* Assets.xcassets */ = {isa = PBXFileReference; lastKnownFileType = folder.assetcatalog; path = Assets.xcassets; sourceTree = "<group>"; };
		CE032C711D7D880600851FF4 /* Base */ = {isa = PBXFileReference; lastKnownFileType = file.storyboard; name = Base; path = Base.lproj/LaunchScreen.storyboard; sourceTree = "<group>"; };
		CE032C731D7D880600851FF4 /* Info.plist */ = {isa = PBXFileReference; lastKnownFileType = text.plist.xml; path = Info.plist; sourceTree = "<group>"; };
		CE032C781D7D880600851FF4 /* SAMTests.xctest */ = {isa = PBXFileReference; explicitFileType = wrapper.cfbundle; includeInIndex = 0; path = SAMTests.xctest; sourceTree = BUILT_PRODUCTS_DIR; };
		CE032C7C1D7D880600851FF4 /* SAMTests.m */ = {isa = PBXFileReference; lastKnownFileType = sourcecode.c.objc; path = SAMTests.m; sourceTree = "<group>"; };
		CE032C7E1D7D880600851FF4 /* Info.plist */ = {isa = PBXFileReference; lastKnownFileType = text.plist.xml; path = Info.plist; sourceTree = "<group>"; };
		CE032C831D7D880600851FF4 /* SAMUITests.xctest */ = {isa = PBXFileReference; explicitFileType = wrapper.cfbundle; includeInIndex = 0; path = SAMUITests.xctest; sourceTree = BUILT_PRODUCTS_DIR; };
		CE032C871D7D880600851FF4 /* SAMUITests.m */ = {isa = PBXFileReference; lastKnownFileType = sourcecode.c.objc; path = SAMUITests.m; sourceTree = "<group>"; };
		CE032C891D7D880600851FF4 /* Info.plist */ = {isa = PBXFileReference; lastKnownFileType = text.plist.xml; path = Info.plist; sourceTree = "<group>"; };
		CE032C951D7D881200851FF4 /* MapKit.framework */ = {isa = PBXFileReference; lastKnownFileType = wrapper.framework; name = MapKit.framework; path = System/Library/Frameworks/MapKit.framework; sourceTree = SDKROOT; };
		CE032C981D7D8F4400851FF4 /* LICENSE.txt */ = {isa = PBXFileReference; fileEncoding = 4; lastKnownFileType = text; path = LICENSE.txt; sourceTree = "<group>"; };
		CE032C991D7D8F4400851FF4 /* Roboto-Black.ttf */ = {isa = PBXFileReference; lastKnownFileType = file; path = "Roboto-Black.ttf"; sourceTree = "<group>"; };
		CE032C9A1D7D8F4400851FF4 /* Roboto-BlackItalic.ttf */ = {isa = PBXFileReference; lastKnownFileType = file; path = "Roboto-BlackItalic.ttf"; sourceTree = "<group>"; };
		CE032C9B1D7D8F4400851FF4 /* Roboto-Bold.ttf */ = {isa = PBXFileReference; lastKnownFileType = file; path = "Roboto-Bold.ttf"; sourceTree = "<group>"; };
		CE032C9C1D7D8F4400851FF4 /* Roboto-BoldItalic.ttf */ = {isa = PBXFileReference; lastKnownFileType = file; path = "Roboto-BoldItalic.ttf"; sourceTree = "<group>"; };
		CE032C9D1D7D8F4400851FF4 /* Roboto-Italic.ttf */ = {isa = PBXFileReference; lastKnownFileType = file; path = "Roboto-Italic.ttf"; sourceTree = "<group>"; };
		CE032C9E1D7D8F4400851FF4 /* Roboto-Light.ttf */ = {isa = PBXFileReference; lastKnownFileType = file; path = "Roboto-Light.ttf"; sourceTree = "<group>"; };
		CE032C9F1D7D8F4400851FF4 /* Roboto-LightItalic.ttf */ = {isa = PBXFileReference; lastKnownFileType = file; path = "Roboto-LightItalic.ttf"; sourceTree = "<group>"; };
		CE032CA01D7D8F4400851FF4 /* Roboto-Medium.ttf */ = {isa = PBXFileReference; lastKnownFileType = file; path = "Roboto-Medium.ttf"; sourceTree = "<group>"; };
		CE032CA11D7D8F4400851FF4 /* Roboto-MediumItalic.ttf */ = {isa = PBXFileReference; lastKnownFileType = file; path = "Roboto-MediumItalic.ttf"; sourceTree = "<group>"; };
		CE032CA21D7D8F4400851FF4 /* Roboto-Regular.ttf */ = {isa = PBXFileReference; lastKnownFileType = file; path = "Roboto-Regular.ttf"; sourceTree = "<group>"; };
		CE032CA31D7D8F4400851FF4 /* Roboto-Thin.ttf */ = {isa = PBXFileReference; lastKnownFileType = file; path = "Roboto-Thin.ttf"; sourceTree = "<group>"; };
		CE032CA41D7D8F4400851FF4 /* Roboto-ThinItalic.ttf */ = {isa = PBXFileReference; lastKnownFileType = file; path = "Roboto-ThinItalic.ttf"; sourceTree = "<group>"; };
		CE032CB31D7D905500851FF4 /* MyNavigationBar.h */ = {isa = PBXFileReference; fileEncoding = 4; lastKnownFileType = sourcecode.c.h; name = MyNavigationBar.h; path = generalClass/MyNavigationBar.h; sourceTree = SOURCE_ROOT; };
		CE032CB41D7D905500851FF4 /* MyNavigationBar.m */ = {isa = PBXFileReference; fileEncoding = 4; lastKnownFileType = sourcecode.c.objc; name = MyNavigationBar.m; path = generalClass/MyNavigationBar.m; sourceTree = SOURCE_ROOT; };
		CE032CB51D7D905500851FF4 /* MyNavigationControll.h */ = {isa = PBXFileReference; fileEncoding = 4; lastKnownFileType = sourcecode.c.h; name = MyNavigationControll.h; path = generalClass/MyNavigationControll.h; sourceTree = SOURCE_ROOT; };
		CE032CB61D7D905500851FF4 /* MyNavigationControll.m */ = {isa = PBXFileReference; fileEncoding = 4; lastKnownFileType = sourcecode.c.objc; name = MyNavigationControll.m; path = generalClass/MyNavigationControll.m; sourceTree = SOURCE_ROOT; };
		CE032CB71D7D905500851FF4 /* MyTabBar.h */ = {isa = PBXFileReference; fileEncoding = 4; lastKnownFileType = sourcecode.c.h; name = MyTabBar.h; path = generalClass/MyTabBar.h; sourceTree = SOURCE_ROOT; };
		CE032CB81D7D905500851FF4 /* MyTabBar.m */ = {isa = PBXFileReference; fileEncoding = 4; lastKnownFileType = sourcecode.c.objc; name = MyTabBar.m; path = generalClass/MyTabBar.m; sourceTree = SOURCE_ROOT; };
		CE032CD61D7D99A700851FF4 /* BuyCoins.h */ = {isa = PBXFileReference; fileEncoding = 4; lastKnownFileType = sourcecode.c.h; path = BuyCoins.h; sourceTree = "<group>"; };
		CE032CD71D7D99A700851FF4 /* BuyCoins.m */ = {isa = PBXFileReference; fileEncoding = 4; lastKnownFileType = sourcecode.c.objc; path = BuyCoins.m; sourceTree = "<group>"; };
		CE032CD91D7DA8CA00851FF4 /* QREncoder.h */ = {isa = PBXFileReference; fileEncoding = 4; lastKnownFileType = sourcecode.c.h; path = QREncoder.h; sourceTree = "<group>"; };
		CE032CDA1D7DA8CA00851FF4 /* QREncoder.m */ = {isa = PBXFileReference; fileEncoding = 4; lastKnownFileType = sourcecode.c.objc; path = QREncoder.m; sourceTree = "<group>"; };
		CE032CDC1D7DA9AA00851FF4 /* bitstream.c */ = {isa = PBXFileReference; fileEncoding = 4; lastKnownFileType = sourcecode.c.c; name = bitstream.c; path = QR/QRLib/bitstream.c; sourceTree = SOURCE_ROOT; };
		CE032CDD1D7DA9AA00851FF4 /* bitstream.h */ = {isa = PBXFileReference; fileEncoding = 4; lastKnownFileType = sourcecode.c.h; name = bitstream.h; path = QR/QRLib/bitstream.h; sourceTree = SOURCE_ROOT; };
		CE032CDE1D7DA9AA00851FF4 /* config.h */ = {isa = PBXFileReference; fileEncoding = 4; lastKnownFileType = sourcecode.c.h; name = config.h; path = QR/QRLib/config.h; sourceTree = SOURCE_ROOT; };
		CE032CDF1D7DA9AA00851FF4 /* mask.h */ = {isa = PBXFileReference; fileEncoding = 4; lastKnownFileType = sourcecode.c.h; name = mask.h; path = QR/QRLib/mask.h; sourceTree = SOURCE_ROOT; };
		CE032CE01D7DA9AA00851FF4 /* qrenc.c */ = {isa = PBXFileReference; fileEncoding = 4; lastKnownFileType = sourcecode.c.c; name = qrenc.c; path = QR/QRLib/qrenc.c; sourceTree = SOURCE_ROOT; };
		CE032CE11D7DA9AA00851FF4 /* qrencode_inner.h */ = {isa = PBXFileReference; fileEncoding = 4; lastKnownFileType = sourcecode.c.h; name = qrencode_inner.h; path = QR/QRLib/qrencode_inner.h; sourceTree = SOURCE_ROOT; };
		CE032CE21D7DA9AA00851FF4 /* qrencode.h */ = {isa = PBXFileReference; fileEncoding = 4; lastKnownFileType = sourcecode.c.h; name = qrencode.h; path = QR/QRLib/qrencode.h; sourceTree = SOURCE_ROOT; };
		CE032CE31D7DA9AA00851FF4 /* qrinput.c */ = {isa = PBXFileReference; fileEncoding = 4; lastKnownFileType = sourcecode.c.c; name = qrinput.c; path = QR/QRLib/qrinput.c; sourceTree = SOURCE_ROOT; };
		CE032CE41D7DA9AA00851FF4 /* qrinput.h */ = {isa = PBXFileReference; fileEncoding = 4; lastKnownFileType = sourcecode.c.h; name = qrinput.h; path = QR/QRLib/qrinput.h; sourceTree = SOURCE_ROOT; };
		CE032CE51D7DA9AA00851FF4 /* qrspec.h */ = {isa = PBXFileReference; fileEncoding = 4; lastKnownFileType = sourcecode.c.h; name = qrspec.h; path = QR/QRLib/qrspec.h; sourceTree = SOURCE_ROOT; };
		CE032CE61D7DA9AA00851FF4 /* rscode.c */ = {isa = PBXFileReference; fileEncoding = 4; lastKnownFileType = sourcecode.c.c; name = rscode.c; path = QR/QRLib/rscode.c; sourceTree = SOURCE_ROOT; };
		CE032CE71D7DA9AA00851FF4 /* rscode.h */ = {isa = PBXFileReference; fileEncoding = 4; lastKnownFileType = sourcecode.c.h; name = rscode.h; path = QR/QRLib/rscode.h; sourceTree = SOURCE_ROOT; };
		CE032CE81D7DA9AA00851FF4 /* split.h */ = {isa = PBXFileReference; fileEncoding = 4; lastKnownFileType = sourcecode.c.h; name = split.h; path = QR/QRLib/split.h; sourceTree = SOURCE_ROOT; };
		CE032CED1D7DA9BB00851FF4 /* mask.c */ = {isa = PBXFileReference; fileEncoding = 4; lastKnownFileType = sourcecode.c.c; name = mask.c; path = QR/QRLib/mask.c; sourceTree = SOURCE_ROOT; };
		CE032CEE1D7DA9BB00851FF4 /* qrencode.c */ = {isa = PBXFileReference; fileEncoding = 4; lastKnownFileType = sourcecode.c.c; name = qrencode.c; path = QR/QRLib/qrencode.c; sourceTree = SOURCE_ROOT; };
		CE032CEF1D7DA9BB00851FF4 /* qrspec.c */ = {isa = PBXFileReference; fileEncoding = 4; lastKnownFileType = sourcecode.c.c; name = qrspec.c; path = QR/QRLib/qrspec.c; sourceTree = SOURCE_ROOT; };
		CE032CF01D7DA9BB00851FF4 /* split.c */ = {isa = PBXFileReference; fileEncoding = 4; lastKnownFileType = sourcecode.c.c; name = split.c; path = QR/QRLib/split.c; sourceTree = SOURCE_ROOT; };
		CE032CF61D7DAB7F00851FF4 /* MyCoin.h */ = {isa = PBXFileReference; fileEncoding = 4; lastKnownFileType = sourcecode.c.h; path = MyCoin.h; sourceTree = "<group>"; };
		CE032CF71D7DAB7F00851FF4 /* MyCoin.m */ = {isa = PBXFileReference; fileEncoding = 4; lastKnownFileType = sourcecode.c.objc; path = MyCoin.m; sourceTree = "<group>"; };
		CE122AE31DE83138008289AA /* Social.framework */ = {isa = PBXFileReference; lastKnownFileType = wrapper.framework; name = Social.framework; path = System/Library/Frameworks/Social.framework; sourceTree = SDKROOT; };
		CE238C711E26345B006AF131 /* CalloutAnnotation.h */ = {isa = PBXFileReference; fileEncoding = 4; lastKnownFileType = sourcecode.c.h; path = CalloutAnnotation.h; sourceTree = "<group>"; };
		CE238C721E26345B006AF131 /* CalloutAnnotation.m */ = {isa = PBXFileReference; fileEncoding = 4; lastKnownFileType = sourcecode.c.objc; path = CalloutAnnotation.m; sourceTree = "<group>"; };
		CE238C731E26345B006AF131 /* CalloutAnnotationView.h */ = {isa = PBXFileReference; fileEncoding = 4; lastKnownFileType = sourcecode.c.h; path = CalloutAnnotationView.h; sourceTree = "<group>"; };
		CE238C741E26345B006AF131 /* CalloutAnnotationView.m */ = {isa = PBXFileReference; fileEncoding = 4; lastKnownFileType = sourcecode.c.objc; path = CalloutAnnotationView.m; sourceTree = "<group>"; };
		CE238C751E26345B006AF131 /* PinAnnotation.h */ = {isa = PBXFileReference; fileEncoding = 4; lastKnownFileType = sourcecode.c.h; path = PinAnnotation.h; sourceTree = "<group>"; };
		CE238C761E26345B006AF131 /* PinAnnotation.m */ = {isa = PBXFileReference; fileEncoding = 4; lastKnownFileType = sourcecode.c.objc; path = PinAnnotation.m; sourceTree = "<group>"; };
		CE238C771E26345B006AF131 /* UIView+MKAnnotationView.h */ = {isa = PBXFileReference; fileEncoding = 4; lastKnownFileType = sourcecode.c.h; path = "UIView+MKAnnotationView.h"; sourceTree = "<group>"; };
		CE238C781E26345B006AF131 /* UIView+MKAnnotationView.m */ = {isa = PBXFileReference; fileEncoding = 4; lastKnownFileType = sourcecode.c.objc; path = "UIView+MKAnnotationView.m"; sourceTree = "<group>"; };
		CE238C7D1E263473006AF131 /* MapViewController.h */ = {isa = PBXFileReference; fileEncoding = 4; lastKnownFileType = sourcecode.c.h; path = MapViewController.h; sourceTree = "<group>"; };
		CE238C7E1E263473006AF131 /* MapViewController.m */ = {isa = PBXFileReference; fileEncoding = 4; lastKnownFileType = sourcecode.c.objc; path = MapViewController.m; sourceTree = "<group>"; };
		CE2ADAFC1DBE117E005BFAED /* SetPassController.h */ = {isa = PBXFileReference; fileEncoding = 4; lastKnownFileType = sourcecode.c.h; path = SetPassController.h; sourceTree = "<group>"; };
		CE2ADAFD1DBE117E005BFAED /* SetPassController.m */ = {isa = PBXFileReference; fileEncoding = 4; lastKnownFileType = sourcecode.c.objc; path = SetPassController.m; sourceTree = "<group>"; };
		CE2DFA5C22FD82C400669C69 /* ActiveViewController.h */ = {isa = PBXFileReference; lastKnownFileType = sourcecode.c.h; path = ActiveViewController.h; sourceTree = "<group>"; };
		CE2DFA5D22FD82C400669C69 /* ActiveViewController.m */ = {isa = PBXFileReference; lastKnownFileType = sourcecode.c.objc; path = ActiveViewController.m; sourceTree = "<group>"; };
		CE2DFA5F22FD82E900669C69 /* InactiveViewController.h */ = {isa = PBXFileReference; lastKnownFileType = sourcecode.c.h; path = InactiveViewController.h; sourceTree = "<group>"; };
		CE2DFA6022FD82E900669C69 /* InactiveViewController.m */ = {isa = PBXFileReference; lastKnownFileType = sourcecode.c.objc; path = InactiveViewController.m; sourceTree = "<group>"; };
		CE2DFA6222FD82FE00669C69 /* BallsViewController.h */ = {isa = PBXFileReference; lastKnownFileType = sourcecode.c.h; path = BallsViewController.h; sourceTree = "<group>"; };
		CE2DFA6322FD82FE00669C69 /* BallsViewController.m */ = {isa = PBXFileReference; lastKnownFileType = sourcecode.c.objc; path = BallsViewController.m; sourceTree = "<group>"; };
		CE2DFA6522FD88D000669C69 /* MyBySwitchController.h */ = {isa = PBXFileReference; lastKnownFileType = sourcecode.c.h; path = MyBySwitchController.h; sourceTree = "<group>"; };
		CE2DFA6622FD88D000669C69 /* MyBySwitchController.m */ = {isa = PBXFileReference; lastKnownFileType = sourcecode.c.objc; path = MyBySwitchController.m; sourceTree = "<group>"; };
		CE2DFA6922FDBE3900669C69 /* MyTabBarController.h */ = {isa = PBXFileReference; lastKnownFileType = sourcecode.c.h; path = MyTabBarController.h; sourceTree = "<group>"; };
		CE2DFA6A22FDBE3900669C69 /* MyTabBarController.m */ = {isa = PBXFileReference; lastKnownFileType = sourcecode.c.objc; path = MyTabBarController.m; sourceTree = "<group>"; };
		CE370DF31DA2B0660027D66B /* ConfirmRegister.h */ = {isa = PBXFileReference; fileEncoding = 4; lastKnownFileType = sourcecode.c.h; path = ConfirmRegister.h; sourceTree = "<group>"; };
		CE370DF41DA2B0660027D66B /* ConfirmRegister.m */ = {isa = PBXFileReference; fileEncoding = 4; lastKnownFileType = sourcecode.c.objc; path = ConfirmRegister.m; sourceTree = "<group>"; };
		CE376D911E35F58B00B0FCFD /* SwitchMap.h */ = {isa = PBXFileReference; fileEncoding = 4; lastKnownFileType = sourcecode.c.h; path = SwitchMap.h; sourceTree = "<group>"; };
		CE376D921E35F58B00B0FCFD /* SwitchMap.m */ = {isa = PBXFileReference; fileEncoding = 4; lastKnownFileType = sourcecode.c.objc; path = SwitchMap.m; sourceTree = "<group>"; };
		CE39BA3D1D9406EA00C5256A /* RegistrClass.h */ = {isa = PBXFileReference; fileEncoding = 4; lastKnownFileType = sourcecode.c.h; path = RegistrClass.h; sourceTree = "<group>"; };
		CE39BA3E1D9406EA00C5256A /* RegistrClass.m */ = {isa = PBXFileReference; fileEncoding = 4; lastKnownFileType = sourcecode.c.objc; path = RegistrClass.m; sourceTree = "<group>"; };
		CE39BA401D94239E00C5256A /* Enter.h */ = {isa = PBXFileReference; fileEncoding = 4; lastKnownFileType = sourcecode.c.h; path = Enter.h; sourceTree = "<group>"; };
		CE39BA411D94239E00C5256A /* Enter.m */ = {isa = PBXFileReference; fileEncoding = 4; lastKnownFileType = sourcecode.c.objc; path = Enter.m; sourceTree = "<group>"; };
		CE53C9701DAE7969004BDB27 /* Payments.h */ = {isa = PBXFileReference; fileEncoding = 4; lastKnownFileType = sourcecode.c.h; path = Payments.h; sourceTree = "<group>"; };
		CE53C9711DAE7969004BDB27 /* Payments.m */ = {isa = PBXFileReference; fileEncoding = 4; lastKnownFileType = sourcecode.c.objc; path = Payments.m; sourceTree = "<group>"; };
		CE53C9731DAE798F004BDB27 /* Payment.h */ = {isa = PBXFileReference; fileEncoding = 4; lastKnownFileType = sourcecode.c.h; path = Payment.h; sourceTree = "<group>"; };
		CE53C9741DAE798F004BDB27 /* Payment.m */ = {isa = PBXFileReference; fileEncoding = 4; lastKnownFileType = sourcecode.c.objc; path = Payment.m; sourceTree = "<group>"; };
		CE6BE0A81D8815D4000F5CE4 /* StartScreenView.h */ = {isa = PBXFileReference; fileEncoding = 4; lastKnownFileType = sourcecode.c.h; path = StartScreenView.h; sourceTree = "<group>"; };
		CE6BE0A91D8815D4000F5CE4 /* StartScreenView.m */ = {isa = PBXFileReference; fileEncoding = 4; lastKnownFileType = sourcecode.c.objc; path = StartScreenView.m; sourceTree = "<group>"; };
		CE6BE0AC1D884F15000F5CE4 /* WebKit.framework */ = {isa = PBXFileReference; lastKnownFileType = wrapper.framework; name = WebKit.framework; path = System/Library/Frameworks/WebKit.framework; sourceTree = SDKROOT; };
		CE6DA26C1E24D38E0072CEC9 /* SystemConfiguration.framework */ = {isa = PBXFileReference; lastKnownFileType = wrapper.framework; name = SystemConfiguration.framework; path = System/Library/Frameworks/SystemConfiguration.framework; sourceTree = SDKROOT; };
		CE727DA41DE1AFA9008D2691 /* UserNotifications.framework */ = {isa = PBXFileReference; lastKnownFileType = wrapper.framework; name = UserNotifications.framework; path = System/Library/Frameworks/UserNotifications.framework; sourceTree = SDKROOT; };
		CE7A0B961E0BEF66002FFD9F /* MessageUI.framework */ = {isa = PBXFileReference; lastKnownFileType = wrapper.framework; name = MessageUI.framework; path = System/Library/Frameworks/MessageUI.framework; sourceTree = SDKROOT; };
		CE7B6D371DDB34D0004852FB /* SAM.entitlements */ = {isa = PBXFileReference; lastKnownFileType = text.plist.entitlements; name = SAM.entitlements; path = SAM/SAM.entitlements; sourceTree = "<group>"; };
		CE7B6D381DDB34F3004852FB /* libKeychainItemWrapper.a */ = {isa = PBXFileReference; lastKnownFileType = archive.ar; name = libKeychainItemWrapper.a; path = "Pods/../build/Debug-iphoneos/KeychainItemWrapper/libKeychainItemWrapper.a"; sourceTree = "<group>"; };
		CE7B6D3B1DDB4626004852FB /* RecoveryPassword.h */ = {isa = PBXFileReference; fileEncoding = 4; lastKnownFileType = sourcecode.c.h; path = RecoveryPassword.h; sourceTree = "<group>"; };
		CE7B6D3C1DDB4626004852FB /* RecoveryPassword.m */ = {isa = PBXFileReference; fileEncoding = 4; lastKnownFileType = sourcecode.c.objc; path = RecoveryPassword.m; sourceTree = "<group>"; };
		CEA421EE1DDC49BE00917653 /* NewPassword.h */ = {isa = PBXFileReference; fileEncoding = 4; lastKnownFileType = sourcecode.c.h; path = NewPassword.h; sourceTree = "<group>"; };
		CEA421EF1DDC49BE00917653 /* NewPassword.m */ = {isa = PBXFileReference; fileEncoding = 4; lastKnownFileType = sourcecode.c.objc; path = NewPassword.m; sourceTree = "<group>"; };
		CECB7AD11DC75DA2008CA095 /* AppleMapViewController.h */ = {isa = PBXFileReference; fileEncoding = 4; lastKnownFileType = sourcecode.c.h; path = AppleMapViewController.h; sourceTree = "<group>"; };
		CECB7AD21DC75DA2008CA095 /* AppleMapViewController.m */ = {isa = PBXFileReference; fileEncoding = 4; lastKnownFileType = sourcecode.c.objc; path = AppleMapViewController.m; sourceTree = "<group>"; };
		CECB7AD41DC75E31008CA095 /* CoreLocation.framework */ = {isa = PBXFileReference; lastKnownFileType = wrapper.framework; name = CoreLocation.framework; path = System/Library/Frameworks/CoreLocation.framework; sourceTree = SDKROOT; };
		CEE34DE21DEC36A700EBF5D2 /* ConfirmAuthorize.h */ = {isa = PBXFileReference; fileEncoding = 4; lastKnownFileType = sourcecode.c.h; path = ConfirmAuthorize.h; sourceTree = "<group>"; };
		CEE34DE31DEC36A700EBF5D2 /* ConfirmAuthorize.m */ = {isa = PBXFileReference; fileEncoding = 4; lastKnownFileType = sourcecode.c.objc; path = ConfirmAuthorize.m; sourceTree = "<group>"; };
		CEE35A8F1DA2724E008D916C /* API.h */ = {isa = PBXFileReference; fileEncoding = 4; lastKnownFileType = sourcecode.c.h; path = API.h; sourceTree = "<group>"; };
		CEE35A901DA2724E008D916C /* API.m */ = {isa = PBXFileReference; fileEncoding = 4; lastKnownFileType = sourcecode.c.objc; path = API.m; sourceTree = "<group>"; };
		CEEA754C1E02BCCC000D73D3 /* TermOfUse.h */ = {isa = PBXFileReference; fileEncoding = 4; lastKnownFileType = sourcecode.c.h; path = TermOfUse.h; sourceTree = "<group>"; };
		CEEA754D1E02BCCC000D73D3 /* TermOfUse.m */ = {isa = PBXFileReference; fileEncoding = 4; lastKnownFileType = sourcecode.c.objc; path = TermOfUse.m; sourceTree = "<group>"; };
/* End PBXFileReference section */

/* Begin PBXFrameworksBuildPhase section */
		CE032C5C1D7D880600851FF4 /* Frameworks */ = {
			isa = PBXFrameworksBuildPhase;
			buildActionMask = 2147483647;
			files = (
				CE6DA26D1E24D38E0072CEC9 /* SystemConfiguration.framework in Frameworks */,
				CE7A0B971E0BEF66002FFD9F /* MessageUI.framework in Frameworks */,
				CE122AE41DE83138008289AA /* Social.framework in Frameworks */,
				4C66CF1E23547C9B00A453A4 /* TrustDefender.framework in Frameworks */,
				CE727DA51DE1AFA9008D2691 /* UserNotifications.framework in Frameworks */,
				CECB7AD51DC75E31008CA095 /* CoreLocation.framework in Frameworks */,
				4C11E4332355B0FA00AD8C3A /* Security.framework in Frameworks */,
				CE6BE0AD1D884F15000F5CE4 /* WebKit.framework in Frameworks */,
				CE032C961D7D881200851FF4 /* MapKit.framework in Frameworks */,
				7A3B621700106061AC1C9CD8 /* Pods_SAM.framework in Frameworks */,
			);
			runOnlyForDeploymentPostprocessing = 0;
		};
		CE032C751D7D880600851FF4 /* Frameworks */ = {
			isa = PBXFrameworksBuildPhase;
			buildActionMask = 2147483647;
			files = (
			);
			runOnlyForDeploymentPostprocessing = 0;
		};
		CE032C801D7D880600851FF4 /* Frameworks */ = {
			isa = PBXFrameworksBuildPhase;
			buildActionMask = 2147483647;
			files = (
			);
			runOnlyForDeploymentPostprocessing = 0;
		};
/* End PBXFrameworksBuildPhase section */

/* Begin PBXGroup section */
		4C5986D122FEE6A100D59269 /* Balss */ = {
			isa = PBXGroup;
			children = (
				4C5986D222FEE88A00D59269 /* BallsCount.h */,
				4C5986D322FEE88A00D59269 /* BallsCount.m */,
				4C5986D522FF044B00D59269 /* BallsGood.h */,
				4C5986D622FF044B00D59269 /* BallsGood.m */,
			);
			name = Balss;
			sourceTree = "<group>";
		};
		4C5986D822FF05B300D59269 /* New Group */ = {
			isa = PBXGroup;
			children = (
				4CEF54DC2355F478006F0BF1 /* Instruction.h */,
				4CEF54DD2355F47C006F0BF1 /* Instruction.m */,
				4CEF54DB2355F46F006F0BF1 /* PageContentViewController.h */,
				4CEF54D92355F469006F0BF1 /* PageContentViewController.m */,
			);
			name = "New Group";
			sourceTree = "<group>";
		};
		4C8483502300631000871616 /* Faq */ = {
			isa = PBXGroup;
			children = (
				4C84835423006A5700871616 /* UIColor+AppColors.h */,
				4C84835523006A5700871616 /* UIColor+AppColors.m */,
				4C8483512300632300871616 /* FAQViewController.h */,
				4C8483522300632300871616 /* FAQViewController.m */,
				4CBCC4B4232FE0C900D478CE /* FAQFormViewController.h */,
				4CBCC4B5232FE0C900D478CE /* FAQFormViewController.m */,
				4CBCC4B7232FE0D800D478CE /* FAQCoolViewController.h */,
				4CBCC4B8232FE0D800D478CE /* FAQCoolViewController.m */,
			);
			name = Faq;
			sourceTree = "<group>";
		};
		AB596F2D2A6E0AFC9CA5AEDF /* Pods */ = {
			isa = PBXGroup;
			children = (
				436258D0220DE5B3CE095429 /* Pods-SAM.debug.xcconfig */,
				B91BD7A479C9816403620E1B /* Pods-SAM.release.xcconfig */,
			);
			name = Pods;
			sourceTree = "<group>";
		};
		CE032C561D7D880600851FF4 = {
			isa = PBXGroup;
			children = (
				CE032CF91D7DAB8200851FF4 /* SAM */,
				CE032C7B1D7D880600851FF4 /* SAMTests */,
				CE032C861D7D880600851FF4 /* SAMUITests */,
				CE032C601D7D880600851FF4 /* Products */,
				AB596F2D2A6E0AFC9CA5AEDF /* Pods */,
				D56C57A03E8647476ED3869F /* Frameworks */,
			);
			sourceTree = "<group>";
		};
		CE032C601D7D880600851FF4 /* Products */ = {
			isa = PBXGroup;
			children = (
				CE032C5F1D7D880600851FF4 /* SAM.app */,
				CE032C781D7D880600851FF4 /* SAMTests.xctest */,
				CE032C831D7D880600851FF4 /* SAMUITests.xctest */,
			);
			name = Products;
			sourceTree = "<group>";
		};
		CE032C611D7D880600851FF4 /* SAM */ = {
			isa = PBXGroup;
			children = (
				4C385DDF23788E3E0042CA6B /* PaymentGood.h */,
				4C385DE023788E3E0042CA6B /* PaymentGood.m */,
				4C8483502300631000871616 /* Faq */,
				4C5986D822FF05B300D59269 /* New Group */,
				4C5986D122FEE6A100D59269 /* Balss */,
				CE2DFA6822FDBE1600669C69 /* TabBarController */,
				CE2DFA5B22FD829700669C69 /* MyTabControllers */,
				CECB7AD61DC78218008CA095 /* News */,
				CECB7AD01DC75D72008CA095 /* MAP */,
				CEE35A8E1DA27207008D916C /* singletone */,
				CE39BA3C1D9406A200C5256A /* Registr */,
				CE6BE0AB1D8815D9000F5CE4 /* StartScreen */,
				CE032CF51D7DAB3E00851FF4 /* MyCoin */,
				CE032CBF1D7D952E00851FF4 /* QR */,
				CE032CBD1D7D951100851FF4 /* BuyCoin */,
				CE032CB21D7D8FE300851FF4 /* GeneralClass */,
				CE032C971D7D8F4400851FF4 /* Font */,
				CE032C651D7D880600851FF4 /* AppDelegate.h */,
				CE032C661D7D880600851FF4 /* AppDelegate.m */,
				4CF535D02354771100C4FB65 /* PaymentController.swift */,
				4CCA537A235F26A200D339AE /* SAM-Bridging-Header.h */,
				CE032C681D7D880600851FF4 /* ViewController.h */,
				CE032C691D7D880600851FF4 /* ViewController.m */,
				CE032C6B1D7D880600851FF4 /* Main.storyboard */,
				CE032C6E1D7D880600851FF4 /* Assets.xcassets */,
				CE032C701D7D880600851FF4 /* LaunchScreen.storyboard */,
				CE032C731D7D880600851FF4 /* Info.plist */,
				4C385DE223789CCD0042CA6B /* GoogleService-Info.plist */,
				CE032C621D7D880600851FF4 /* Supporting Files */,
			);
			path = SAM;
			sourceTree = "<group>";
		};
		CE032C621D7D880600851FF4 /* Supporting Files */ = {
			isa = PBXGroup;
			children = (
				CE032C631D7D880600851FF4 /* main.m */,
			);
			name = "Supporting Files";
			sourceTree = "<group>";
		};
		CE032C7B1D7D880600851FF4 /* SAMTests */ = {
			isa = PBXGroup;
			children = (
				CE032C7C1D7D880600851FF4 /* SAMTests.m */,
				CE032C7E1D7D880600851FF4 /* Info.plist */,
			);
			path = SAMTests;
			sourceTree = "<group>";
		};
		CE032C861D7D880600851FF4 /* SAMUITests */ = {
			isa = PBXGroup;
			children = (
				CE032C871D7D880600851FF4 /* SAMUITests.m */,
				CE032C891D7D880600851FF4 /* Info.plist */,
			);
			path = SAMUITests;
			sourceTree = "<group>";
		};
		CE032C971D7D8F4400851FF4 /* Font */ = {
			isa = PBXGroup;
			children = (
				CE032C981D7D8F4400851FF4 /* LICENSE.txt */,
				CE032C991D7D8F4400851FF4 /* Roboto-Black.ttf */,
				CE032C9A1D7D8F4400851FF4 /* Roboto-BlackItalic.ttf */,
				CE032C9B1D7D8F4400851FF4 /* Roboto-Bold.ttf */,
				CE032C9C1D7D8F4400851FF4 /* Roboto-BoldItalic.ttf */,
				CE032C9D1D7D8F4400851FF4 /* Roboto-Italic.ttf */,
				CE032C9E1D7D8F4400851FF4 /* Roboto-Light.ttf */,
				CE032C9F1D7D8F4400851FF4 /* Roboto-LightItalic.ttf */,
				CE032CA01D7D8F4400851FF4 /* Roboto-Medium.ttf */,
				CE032CA11D7D8F4400851FF4 /* Roboto-MediumItalic.ttf */,
				CE032CA21D7D8F4400851FF4 /* Roboto-Regular.ttf */,
				CE032CA31D7D8F4400851FF4 /* Roboto-Thin.ttf */,
				CE032CA41D7D8F4400851FF4 /* Roboto-ThinItalic.ttf */,
			);
			name = Font;
			path = ../../Font;
			sourceTree = "<group>";
		};
		CE032CB21D7D8FE300851FF4 /* GeneralClass */ = {
			isa = PBXGroup;
			children = (
				CE032CB31D7D905500851FF4 /* MyNavigationBar.h */,
				CE032CB41D7D905500851FF4 /* MyNavigationBar.m */,
				CE032CB51D7D905500851FF4 /* MyNavigationControll.h */,
				CE032CB61D7D905500851FF4 /* MyNavigationControll.m */,
				CE032CB71D7D905500851FF4 /* MyTabBar.h */,
				CE032CB81D7D905500851FF4 /* MyTabBar.m */,
			);
			name = GeneralClass;
			sourceTree = "<group>";
		};
		CE032CBD1D7D951100851FF4 /* BuyCoin */ = {
			isa = PBXGroup;
			children = (
				CE032CD61D7D99A700851FF4 /* BuyCoins.h */,
				CE032CD71D7D99A700851FF4 /* BuyCoins.m */,
			);
			name = BuyCoin;
			sourceTree = "<group>";
		};
		CE032CBF1D7D952E00851FF4 /* QR */ = {
			isa = PBXGroup;
			children = (
				CE032CC01D7D953D00851FF4 /* QRLIB */,
				CE032CD91D7DA8CA00851FF4 /* QREncoder.h */,
				CE032CDA1D7DA8CA00851FF4 /* QREncoder.m */,
			);
			name = QR;
			sourceTree = "<group>";
		};
		CE032CC01D7D953D00851FF4 /* QRLIB */ = {
			isa = PBXGroup;
			children = (
				CE032CED1D7DA9BB00851FF4 /* mask.c */,
				CE032CEE1D7DA9BB00851FF4 /* qrencode.c */,
				CE032CEF1D7DA9BB00851FF4 /* qrspec.c */,
				CE032CF01D7DA9BB00851FF4 /* split.c */,
				CE032CDC1D7DA9AA00851FF4 /* bitstream.c */,
				CE032CDD1D7DA9AA00851FF4 /* bitstream.h */,
				CE032CDE1D7DA9AA00851FF4 /* config.h */,
				CE032CDF1D7DA9AA00851FF4 /* mask.h */,
				CE032CE01D7DA9AA00851FF4 /* qrenc.c */,
				CE032CE11D7DA9AA00851FF4 /* qrencode_inner.h */,
				CE032CE21D7DA9AA00851FF4 /* qrencode.h */,
				CE032CE31D7DA9AA00851FF4 /* qrinput.c */,
				CE032CE41D7DA9AA00851FF4 /* qrinput.h */,
				CE032CE51D7DA9AA00851FF4 /* qrspec.h */,
				CE032CE61D7DA9AA00851FF4 /* rscode.c */,
				CE032CE71D7DA9AA00851FF4 /* rscode.h */,
				CE032CE81D7DA9AA00851FF4 /* split.h */,
			);
			name = QRLIB;
			sourceTree = "<group>";
		};
		CE032CF51D7DAB3E00851FF4 /* MyCoin */ = {
			isa = PBXGroup;
			children = (
				CE032CF61D7DAB7F00851FF4 /* MyCoin.h */,
				CE032CF71D7DAB7F00851FF4 /* MyCoin.m */,
			);
			name = MyCoin;
			sourceTree = "<group>";
		};
		CE032CF91D7DAB8200851FF4 /* SAM */ = {
			isa = PBXGroup;
			children = (
				CE7B6D371DDB34D0004852FB /* SAM.entitlements */,
				CE032C611D7D880600851FF4 /* SAM */,
			);
			name = SAM;
			sourceTree = "<group>";
		};
		CE238C701E26345B006AF131 /* MAP */ = {
			isa = PBXGroup;
			children = (
				CE238C711E26345B006AF131 /* CalloutAnnotation.h */,
				CE238C721E26345B006AF131 /* CalloutAnnotation.m */,
				CE238C731E26345B006AF131 /* CalloutAnnotationView.h */,
				CE238C741E26345B006AF131 /* CalloutAnnotationView.m */,
				CE238C751E26345B006AF131 /* PinAnnotation.h */,
				CE238C761E26345B006AF131 /* PinAnnotation.m */,
				CE238C771E26345B006AF131 /* UIView+MKAnnotationView.h */,
				CE238C781E26345B006AF131 /* UIView+MKAnnotationView.m */,
			);
			path = MAP;
			sourceTree = SOURCE_ROOT;
		};
		CE2DFA5B22FD829700669C69 /* MyTabControllers */ = {
			isa = PBXGroup;
			children = (
				CE2DFA5C22FD82C400669C69 /* ActiveViewController.h */,
				CE2DFA5D22FD82C400669C69 /* ActiveViewController.m */,
				CE2DFA5F22FD82E900669C69 /* InactiveViewController.h */,
				CE2DFA6022FD82E900669C69 /* InactiveViewController.m */,
				CE2DFA6222FD82FE00669C69 /* BallsViewController.h */,
				CE2DFA6322FD82FE00669C69 /* BallsViewController.m */,
				CE2DFA6522FD88D000669C69 /* MyBySwitchController.h */,
				CE2DFA6622FD88D000669C69 /* MyBySwitchController.m */,
			);
			name = MyTabControllers;
			sourceTree = "<group>";
		};
		CE2DFA6822FDBE1600669C69 /* TabBarController */ = {
			isa = PBXGroup;
			children = (
				CE2DFA6922FDBE3900669C69 /* MyTabBarController.h */,
				CE2DFA6A22FDBE3900669C69 /* MyTabBarController.m */,
			);
			name = TabBarController;
			sourceTree = "<group>";
		};
		CE39BA3C1D9406A200C5256A /* Registr */ = {
			isa = PBXGroup;
			children = (
				CE7B6D3A1DDB45EA004852FB /* recovery  */,
				CE39BA3D1D9406EA00C5256A /* RegistrClass.h */,
				CE39BA3E1D9406EA00C5256A /* RegistrClass.m */,
				CE39BA401D94239E00C5256A /* Enter.h */,
				CE39BA411D94239E00C5256A /* Enter.m */,
				CE370DF31DA2B0660027D66B /* ConfirmRegister.h */,
				CE370DF41DA2B0660027D66B /* ConfirmRegister.m */,
				CE2ADAFC1DBE117E005BFAED /* SetPassController.h */,
				CE2ADAFD1DBE117E005BFAED /* SetPassController.m */,
				CEEA754C1E02BCCC000D73D3 /* TermOfUse.h */,
				CEEA754D1E02BCCC000D73D3 /* TermOfUse.m */,
			);
			name = Registr;
			sourceTree = "<group>";
		};
		CE6BE0AB1D8815D9000F5CE4 /* StartScreen */ = {
			isa = PBXGroup;
			children = (
				CE6BE0A81D8815D4000F5CE4 /* StartScreenView.h */,
				CE6BE0A91D8815D4000F5CE4 /* StartScreenView.m */,
				4C2A1371235B20AE00DD425C /* StartScreenINstructionOne.h */,
				4C2A1372235B20AE00DD425C /* StartScreenINstructionOne.m */,
				4C2A1374235B20C900DD425C /* StartScreenInstructionTwo.h */,
				4C2A1375235B20C900DD425C /* StartScreenInstructionTwo.m */,
			);
			name = StartScreen;
			sourceTree = "<group>";
		};
		CE7B6D3A1DDB45EA004852FB /* recovery  */ = {
			isa = PBXGroup;
			children = (
				CE7B6D3B1DDB4626004852FB /* RecoveryPassword.h */,
				CE7B6D3C1DDB4626004852FB /* RecoveryPassword.m */,
				CEA421EE1DDC49BE00917653 /* NewPassword.h */,
				CEA421EF1DDC49BE00917653 /* NewPassword.m */,
				CEE34DE21DEC36A700EBF5D2 /* ConfirmAuthorize.h */,
				CEE34DE31DEC36A700EBF5D2 /* ConfirmAuthorize.m */,
			);
			name = "recovery ";
			sourceTree = "<group>";
		};
		CECB7AD01DC75D72008CA095 /* MAP */ = {
			isa = PBXGroup;
			children = (
				CE238C701E26345B006AF131 /* MAP */,
				CECB7AD11DC75DA2008CA095 /* AppleMapViewController.h */,
				CECB7AD21DC75DA2008CA095 /* AppleMapViewController.m */,
				CE238C7D1E263473006AF131 /* MapViewController.h */,
				CE238C7E1E263473006AF131 /* MapViewController.m */,
				CE376D911E35F58B00B0FCFD /* SwitchMap.h */,
				CE376D921E35F58B00B0FCFD /* SwitchMap.m */,
			);
			name = MAP;
			sourceTree = "<group>";
		};
		CECB7AD61DC78218008CA095 /* News */ = {
			isa = PBXGroup;
			children = (
				4C5986D922FF05CA00D59269 /* NewsSam.h */,
				4C5986DA22FF05CA00D59269 /* NewsSam.m */,
				4C5986DC22FF0C4F00D59269 /* PageContentViewControllerNews.h */,
				4C5986DD22FF0C4F00D59269 /* PageContentViewControllerNews.m */,
			);
			name = News;
			sourceTree = "<group>";
		};
		CEE35A8E1DA27207008D916C /* singletone */ = {
			isa = PBXGroup;
			children = (
				4C11E4342355B22800AD8C3A /* KeychainItemWrapper.h */,
				4C11E4352355B22800AD8C3A /* KeychainItemWrapper.m */,
				CEE35A8F1DA2724E008D916C /* API.h */,
				CEE35A901DA2724E008D916C /* API.m */,
				CE53C9701DAE7969004BDB27 /* Payments.h */,
				CE53C9711DAE7969004BDB27 /* Payments.m */,
				CE53C9731DAE798F004BDB27 /* Payment.h */,
				CE53C9741DAE798F004BDB27 /* Payment.m */,
			);
			name = singletone;
			sourceTree = "<group>";
		};
		D56C57A03E8647476ED3869F /* Frameworks */ = {
			isa = PBXGroup;
			children = (
				4C11E4322355B0FA00AD8C3A /* Security.framework */,
				4C66CF1D23547C9B00A453A4 /* TrustDefender.framework */,
				CE6DA26C1E24D38E0072CEC9 /* SystemConfiguration.framework */,
				CE032C951D7D881200851FF4 /* MapKit.framework */,
				CE6BE0AC1D884F15000F5CE4 /* WebKit.framework */,
				CE7A0B961E0BEF66002FFD9F /* MessageUI.framework */,
				CE122AE31DE83138008289AA /* Social.framework */,
				CE727DA41DE1AFA9008D2691 /* UserNotifications.framework */,
				CE7B6D381DDB34F3004852FB /* libKeychainItemWrapper.a */,
				CECB7AD41DC75E31008CA095 /* CoreLocation.framework */,
				63E4B72AABD4503A5AE7D0A1 /* libPods-SAMTests.a */,
				97F9360CB2BC398680DE2D27 /* libPods-SAMUITests.a */,
				73E7DB50C0ABCC4A5D0C88F4 /* Pods_SAM.framework */,
			);
			name = Frameworks;
			sourceTree = "<group>";
		};
/* End PBXGroup section */

/* Begin PBXNativeTarget section */
		CE032C5E1D7D880600851FF4 /* SAM */ = {
			isa = PBXNativeTarget;
			buildConfigurationList = CE032C8C1D7D880600851FF4 /* Build configuration list for PBXNativeTarget "SAM" */;
			buildPhases = (
				9D0413B82FEDA10BE941D2F0 /* [CP] Check Pods Manifest.lock */,
				CE032C5B1D7D880600851FF4 /* Sources */,
				CE032C5C1D7D880600851FF4 /* Frameworks */,
				CE032C5D1D7D880600851FF4 /* Resources */,
				77D44A57DA23522834AF61F9 /* [CP] Embed Pods Frameworks */,
			);
			buildRules = (
			);
			dependencies = (
			);
			name = SAM;
			productName = SAM;
			productReference = CE032C5F1D7D880600851FF4 /* SAM.app */;
			productType = "com.apple.product-type.application";
		};
		CE032C771D7D880600851FF4 /* SAMTests */ = {
			isa = PBXNativeTarget;
			buildConfigurationList = CE032C8F1D7D880600851FF4 /* Build configuration list for PBXNativeTarget "SAMTests" */;
			buildPhases = (
				CE032C741D7D880600851FF4 /* Sources */,
				CE032C751D7D880600851FF4 /* Frameworks */,
				CE032C761D7D880600851FF4 /* Resources */,
			);
			buildRules = (
			);
			dependencies = (
				CE032C7A1D7D880600851FF4 /* PBXTargetDependency */,
			);
			name = SAMTests;
			productName = SAMTests;
			productReference = CE032C781D7D880600851FF4 /* SAMTests.xctest */;
			productType = "com.apple.product-type.bundle.unit-test";
		};
		CE032C821D7D880600851FF4 /* SAMUITests */ = {
			isa = PBXNativeTarget;
			buildConfigurationList = CE032C921D7D880600851FF4 /* Build configuration list for PBXNativeTarget "SAMUITests" */;
			buildPhases = (
				CE032C7F1D7D880600851FF4 /* Sources */,
				CE032C801D7D880600851FF4 /* Frameworks */,
				CE032C811D7D880600851FF4 /* Resources */,
			);
			buildRules = (
			);
			dependencies = (
				CE032C851D7D880600851FF4 /* PBXTargetDependency */,
			);
			name = SAMUITests;
			productName = SAMUITests;
			productReference = CE032C831D7D880600851FF4 /* SAMUITests.xctest */;
			productType = "com.apple.product-type.bundle.ui-testing";
		};
/* End PBXNativeTarget section */

/* Begin PBXProject section */
		CE032C571D7D880600851FF4 /* Project object */ = {
			isa = PBXProject;
			attributes = {
				KnownAssetTags = (
					New,
				);
				LastUpgradeCheck = 0800;
				ORGANIZATIONNAME = freshtech;
				TargetAttributes = {
					CE032C5E1D7D880600851FF4 = {
						CreatedOnToolsVersion = 7.3.1;
						LastSwiftMigration = 0810;
						ProvisioningStyle = Automatic;
						SystemCapabilities = {
							com.apple.Keychain = {
								enabled = 1;
							};
							com.apple.Push = {
								enabled = 1;
							};
						};
					};
					CE032C771D7D880600851FF4 = {
						CreatedOnToolsVersion = 7.3.1;
						TestTargetID = CE032C5E1D7D880600851FF4;
					};
					CE032C821D7D880600851FF4 = {
						CreatedOnToolsVersion = 7.3.1;
						TestTargetID = CE032C5E1D7D880600851FF4;
					};
				};
			};
			buildConfigurationList = CE032C5A1D7D880600851FF4 /* Build configuration list for PBXProject "SAM" */;
			compatibilityVersion = "Xcode 8.0";
			developmentRegion = English;
			hasScannedForEncodings = 0;
			knownRegions = (
				English,
				Base,
				ru,
			);
			mainGroup = CE032C561D7D880600851FF4;
			productRefGroup = CE032C601D7D880600851FF4 /* Products */;
			projectDirPath = "";
			projectRoot = "";
			targets = (
				CE032C5E1D7D880600851FF4 /* SAM */,
				CE032C771D7D880600851FF4 /* SAMTests */,
				CE032C821D7D880600851FF4 /* SAMUITests */,
			);
		};
/* End PBXProject section */

/* Begin PBXResourcesBuildPhase section */
		CE032C5D1D7D880600851FF4 /* Resources */ = {
			isa = PBXResourcesBuildPhase;
			buildActionMask = 2147483647;
			files = (
				CE032CA81D7D8F4400851FF4 /* Roboto-Bold.ttf in Resources */,
				CE032CAC1D7D8F4400851FF4 /* Roboto-LightItalic.ttf in Resources */,
				CE032CAE1D7D8F4400851FF4 /* Roboto-MediumItalic.ttf in Resources */,
				CE032CAA1D7D8F4400851FF4 /* Roboto-Italic.ttf in Resources */,
				CE032CAB1D7D8F4400851FF4 /* Roboto-Light.ttf in Resources */,
				CE032CA51D7D8F4400851FF4 /* LICENSE.txt in Resources */,
				CE032CA91D7D8F4400851FF4 /* Roboto-BoldItalic.ttf in Resources */,
				CE032CA71D7D8F4400851FF4 /* Roboto-BlackItalic.ttf in Resources */,
				CE032CB01D7D8F4400851FF4 /* Roboto-Thin.ttf in Resources */,
				CE032CAF1D7D8F4400851FF4 /* Roboto-Regular.ttf in Resources */,
				CE032C721D7D880600851FF4 /* LaunchScreen.storyboard in Resources */,
				CE032CAD1D7D8F4400851FF4 /* Roboto-Medium.ttf in Resources */,
				4C385DE323789CCD0042CA6B /* GoogleService-Info.plist in Resources */,
				CE032CB11D7D8F4400851FF4 /* Roboto-ThinItalic.ttf in Resources */,
				CE032CA61D7D8F4400851FF4 /* Roboto-Black.ttf in Resources */,
				CE032C6F1D7D880600851FF4 /* Assets.xcassets in Resources */,
				CE032C6D1D7D880600851FF4 /* Main.storyboard in Resources */,
			);
			runOnlyForDeploymentPostprocessing = 0;
		};
		CE032C761D7D880600851FF4 /* Resources */ = {
			isa = PBXResourcesBuildPhase;
			buildActionMask = 2147483647;
			files = (
			);
			runOnlyForDeploymentPostprocessing = 0;
		};
		CE032C811D7D880600851FF4 /* Resources */ = {
			isa = PBXResourcesBuildPhase;
			buildActionMask = 2147483647;
			files = (
			);
			runOnlyForDeploymentPostprocessing = 0;
		};
/* End PBXResourcesBuildPhase section */

/* Begin PBXShellScriptBuildPhase section */
		77D44A57DA23522834AF61F9 /* [CP] Embed Pods Frameworks */ = {
			isa = PBXShellScriptBuildPhase;
			buildActionMask = 2147483647;
			files = (
			);
			inputPaths = (
				"${PODS_ROOT}/Target Support Files/Pods-SAM/Pods-SAM-frameworks.sh",
				"${BUILT_PRODUCTS_DIR}/AFNetworking/AFNetworking.framework",
				"${BUILT_PRODUCTS_DIR}/CCDropDownMenus/CCDropDownMenus.framework",
				"${BUILT_PRODUCTS_DIR}/FunctionalSwift/FunctionalSwift.framework",
				"${BUILT_PRODUCTS_DIR}/GoogleUtilities/GoogleUtilities.framework",
				"${BUILT_PRODUCTS_DIR}/Protobuf/protobuf.framework",
				"${BUILT_PRODUCTS_DIR}/Reachability/Reachability.framework",
				"${BUILT_PRODUCTS_DIR}/When/When.framework",
				"${BUILT_PRODUCTS_DIR}/YandexCheckoutPayments/YandexCheckoutPayments.framework",
				"${BUILT_PRODUCTS_DIR}/YandexCheckoutPaymentsApi/YandexCheckoutPaymentsApi.framework",
				"${BUILT_PRODUCTS_DIR}/YandexCheckoutShowcaseApi/YandexCheckoutShowcaseApi.framework",
				"${BUILT_PRODUCTS_DIR}/YandexCheckoutWalletApi/YandexCheckoutWalletApi.framework",
				"${BUILT_PRODUCTS_DIR}/YandexLoginSDK/YandexLoginSDK.framework",
				"${PODS_ROOT}/YandexMobileMetrica/dynamic/YandexMobileMetrica.framework",
				"${PODS_ROOT}/YandexMobileMetrica/dynamic/YandexMobileMetricaCrashes.framework",
				"${BUILT_PRODUCTS_DIR}/YandexMoneyCoreApi/YandexMoneyCoreApi.framework",
				"${BUILT_PRODUCTS_DIR}/nanopb/nanopb.framework",
			);
			name = "[CP] Embed Pods Frameworks";
			outputPaths = (
				"${TARGET_BUILD_DIR}/${FRAMEWORKS_FOLDER_PATH}/AFNetworking.framework",
				"${TARGET_BUILD_DIR}/${FRAMEWORKS_FOLDER_PATH}/CCDropDownMenus.framework",
				"${TARGET_BUILD_DIR}/${FRAMEWORKS_FOLDER_PATH}/FunctionalSwift.framework",
				"${TARGET_BUILD_DIR}/${FRAMEWORKS_FOLDER_PATH}/GoogleUtilities.framework",
				"${TARGET_BUILD_DIR}/${FRAMEWORKS_FOLDER_PATH}/protobuf.framework",
				"${TARGET_BUILD_DIR}/${FRAMEWORKS_FOLDER_PATH}/Reachability.framework",
				"${TARGET_BUILD_DIR}/${FRAMEWORKS_FOLDER_PATH}/When.framework",
				"${TARGET_BUILD_DIR}/${FRAMEWORKS_FOLDER_PATH}/YandexCheckoutPayments.framework",
				"${TARGET_BUILD_DIR}/${FRAMEWORKS_FOLDER_PATH}/YandexCheckoutPaymentsApi.framework",
				"${TARGET_BUILD_DIR}/${FRAMEWORKS_FOLDER_PATH}/YandexCheckoutShowcaseApi.framework",
				"${TARGET_BUILD_DIR}/${FRAMEWORKS_FOLDER_PATH}/YandexCheckoutWalletApi.framework",
				"${TARGET_BUILD_DIR}/${FRAMEWORKS_FOLDER_PATH}/YandexLoginSDK.framework",
				"${TARGET_BUILD_DIR}/${FRAMEWORKS_FOLDER_PATH}/YandexMobileMetrica.framework",
				"${TARGET_BUILD_DIR}/${FRAMEWORKS_FOLDER_PATH}/YandexMobileMetricaCrashes.framework",
				"${TARGET_BUILD_DIR}/${FRAMEWORKS_FOLDER_PATH}/YandexMoneyCoreApi.framework",
				"${TARGET_BUILD_DIR}/${FRAMEWORKS_FOLDER_PATH}/nanopb.framework",
			);
			runOnlyForDeploymentPostprocessing = 0;
			shellPath = /bin/sh;
			shellScript = "\"${PODS_ROOT}/Target Support Files/Pods-SAM/Pods-SAM-frameworks.sh\"\n";
			showEnvVarsInLog = 0;
		};
		9D0413B82FEDA10BE941D2F0 /* [CP] Check Pods Manifest.lock */ = {
			isa = PBXShellScriptBuildPhase;
			buildActionMask = 2147483647;
			files = (
			);
			inputPaths = (
				"${PODS_PODFILE_DIR_PATH}/Podfile.lock",
				"${PODS_ROOT}/Manifest.lock",
			);
			name = "[CP] Check Pods Manifest.lock";
			outputPaths = (
				"$(DERIVED_FILE_DIR)/Pods-SAM-checkManifestLockResult.txt",
			);
			runOnlyForDeploymentPostprocessing = 0;
			shellPath = /bin/sh;
			shellScript = "diff \"${PODS_PODFILE_DIR_PATH}/Podfile.lock\" \"${PODS_ROOT}/Manifest.lock\" > /dev/null\nif [ $? != 0 ] ; then\n    # print error to STDERR\n    echo \"error: The sandbox is not in sync with the Podfile.lock. Run 'pod install' or update your CocoaPods installation.\" >&2\n    exit 1\nfi\n# This output is used by Xcode 'outputs' to avoid re-running this script phase.\necho \"SUCCESS\" > \"${SCRIPT_OUTPUT_FILE_0}\"\n";
			showEnvVarsInLog = 0;
		};
/* End PBXShellScriptBuildPhase section */

/* Begin PBXSourcesBuildPhase section */
		CE032C5B1D7D880600851FF4 /* Sources */ = {
			isa = PBXSourcesBuildPhase;
			buildActionMask = 2147483647;
			files = (
				4C2A1376235B20C900DD425C /* StartScreenInstructionTwo.m in Sources */,
				CE032CF21D7DA9BB00851FF4 /* qrencode.c in Sources */,
				CE370DF51DA2B0660027D66B /* ConfirmRegister.m in Sources */,
				CE2DFA5E22FD82C400669C69 /* ActiveViewController.m in Sources */,
				CE2DFA6422FD82FE00669C69 /* BallsViewController.m in Sources */,
				4CEF54DE2355F47C006F0BF1 /* Instruction.m in Sources */,
				4C11E4362355B22800AD8C3A /* KeychainItemWrapper.m in Sources */,
				CE032C6A1D7D880600851FF4 /* ViewController.m in Sources */,
				CE238C7B1E26345C006AF131 /* PinAnnotation.m in Sources */,
				CE376D931E35F58B00B0FCFD /* SwitchMap.m in Sources */,
				CE032CF31D7DA9BB00851FF4 /* qrspec.c in Sources */,
				CE032CBB1D7D905500851FF4 /* MyTabBar.m in Sources */,
				CE6BE0AA1D8815D4000F5CE4 /* StartScreenView.m in Sources */,
				CE032CE91D7DA9AA00851FF4 /* bitstream.c in Sources */,
				CE032CEC1D7DA9AA00851FF4 /* rscode.c in Sources */,
				CE032C671D7D880600851FF4 /* AppDelegate.m in Sources */,
				CEEA754E1E02BCCC000D73D3 /* TermOfUse.m in Sources */,
				CE032C641D7D880600851FF4 /* main.m in Sources */,
				4CBCC4B9232FE0D800D478CE /* FAQCoolViewController.m in Sources */,
				CE032CBA1D7D905500851FF4 /* MyNavigationControll.m in Sources */,
				CE39BA421D94239E00C5256A /* Enter.m in Sources */,
				CE238C7C1E26345C006AF131 /* UIView+MKAnnotationView.m in Sources */,
				4C84835623006A5700871616 /* UIColor+AppColors.m in Sources */,
				CE2DFA6722FD88D000669C69 /* MyBySwitchController.m in Sources */,
				4CEF54DA2355F469006F0BF1 /* PageContentViewController.m in Sources */,
				CE032CF41D7DA9BB00851FF4 /* split.c in Sources */,
				CE53C9751DAE798F004BDB27 /* Payment.m in Sources */,
				CE2DFA6B22FDBE3900669C69 /* MyTabBarController.m in Sources */,
				CE53C9721DAE7969004BDB27 /* Payments.m in Sources */,
				CE238C7F1E263473006AF131 /* MapViewController.m in Sources */,
				CE238C7A1E26345C006AF131 /* CalloutAnnotationView.m in Sources */,
				4C5986DE22FF0C4F00D59269 /* PageContentViewControllerNews.m in Sources */,
				CEE35A911DA2724E008D916C /* API.m in Sources */,
				CEA421F01DDC49BE00917653 /* NewPassword.m in Sources */,
				CE032CD81D7D99A700851FF4 /* BuyCoins.m in Sources */,
				4C5986D422FEE88A00D59269 /* BallsCount.m in Sources */,
				CE032CB91D7D905500851FF4 /* MyNavigationBar.m in Sources */,
				CEE34DE41DEC36A700EBF5D2 /* ConfirmAuthorize.m in Sources */,
				CE032CEA1D7DA9AA00851FF4 /* qrenc.c in Sources */,
				4C385DE123788E3E0042CA6B /* PaymentGood.m in Sources */,
				4C5986D722FF044B00D59269 /* BallsGood.m in Sources */,
				4C8483532300632300871616 /* FAQViewController.m in Sources */,
				4C5986DB22FF05CA00D59269 /* NewsSam.m in Sources */,
				CE7B6D3D1DDB4626004852FB /* RecoveryPassword.m in Sources */,
				4CBCC4B6232FE0C900D478CE /* FAQFormViewController.m in Sources */,
				CECB7AD31DC75DA2008CA095 /* AppleMapViewController.m in Sources */,
				CE032CEB1D7DA9AA00851FF4 /* qrinput.c in Sources */,
				CE2ADAFE1DBE117E005BFAED /* SetPassController.m in Sources */,
				CE032CF11D7DA9BB00851FF4 /* mask.c in Sources */,
				CE238C791E26345B006AF131 /* CalloutAnnotation.m in Sources */,
				CE39BA3F1D9406EA00C5256A /* RegistrClass.m in Sources */,
				4CF535D12354771100C4FB65 /* PaymentController.swift in Sources */,
				CE032CDB1D7DA8CA00851FF4 /* QREncoder.m in Sources */,
				CE032CF81D7DAB7F00851FF4 /* MyCoin.m in Sources */,
				4C2A1373235B20AE00DD425C /* StartScreenINstructionOne.m in Sources */,
				CE2DFA6122FD82E900669C69 /* InactiveViewController.m in Sources */,
			);
			runOnlyForDeploymentPostprocessing = 0;
		};
		CE032C741D7D880600851FF4 /* Sources */ = {
			isa = PBXSourcesBuildPhase;
			buildActionMask = 2147483647;
			files = (
				CE032C7D1D7D880600851FF4 /* SAMTests.m in Sources */,
			);
			runOnlyForDeploymentPostprocessing = 0;
		};
		CE032C7F1D7D880600851FF4 /* Sources */ = {
			isa = PBXSourcesBuildPhase;
			buildActionMask = 2147483647;
			files = (
				CE032C881D7D880600851FF4 /* SAMUITests.m in Sources */,
			);
			runOnlyForDeploymentPostprocessing = 0;
		};
/* End PBXSourcesBuildPhase section */

/* Begin PBXTargetDependency section */
		CE032C7A1D7D880600851FF4 /* PBXTargetDependency */ = {
			isa = PBXTargetDependency;
			target = CE032C5E1D7D880600851FF4 /* SAM */;
			targetProxy = CE032C791D7D880600851FF4 /* PBXContainerItemProxy */;
		};
		CE032C851D7D880600851FF4 /* PBXTargetDependency */ = {
			isa = PBXTargetDependency;
			target = CE032C5E1D7D880600851FF4 /* SAM */;
			targetProxy = CE032C841D7D880600851FF4 /* PBXContainerItemProxy */;
		};
/* End PBXTargetDependency section */

/* Begin PBXVariantGroup section */
		CE032C6B1D7D880600851FF4 /* Main.storyboard */ = {
			isa = PBXVariantGroup;
			children = (
				CE032C6C1D7D880600851FF4 /* Base */,
				4CC5ABC62358C1CA009FDD0D /* ru */,
			);
			name = Main.storyboard;
			sourceTree = "<group>";
		};
		CE032C701D7D880600851FF4 /* LaunchScreen.storyboard */ = {
			isa = PBXVariantGroup;
			children = (
				CE032C711D7D880600851FF4 /* Base */,
				4CC5ABC72358C1CB009FDD0D /* ru */,
			);
			name = LaunchScreen.storyboard;
			sourceTree = "<group>";
		};
/* End PBXVariantGroup section */

/* Begin XCBuildConfiguration section */
		CE032C8A1D7D880600851FF4 /* Debug */ = {
			isa = XCBuildConfiguration;
			buildSettings = {
				ALWAYS_SEARCH_USER_PATHS = NO;
				CLANG_ANALYZER_LOCALIZABILITY_NONLOCALIZED = YES;
				CLANG_ANALYZER_NONNULL = YES;
				CLANG_CXX_LANGUAGE_STANDARD = "gnu++0x";
				CLANG_CXX_LIBRARY = "libc++";
				CLANG_ENABLE_MODULES = YES;
				CLANG_ENABLE_OBJC_ARC = YES;
				CLANG_WARN_BOOL_CONVERSION = YES;
				CLANG_WARN_CONSTANT_CONVERSION = YES;
				CLANG_WARN_DIRECT_OBJC_ISA_USAGE = YES_ERROR;
				CLANG_WARN_EMPTY_BODY = YES;
				CLANG_WARN_ENUM_CONVERSION = YES;
				CLANG_WARN_INFINITE_RECURSION = YES;
				CLANG_WARN_INT_CONVERSION = YES;
				CLANG_WARN_OBJC_ROOT_CLASS = YES_ERROR;
				CLANG_WARN_SUSPICIOUS_MOVE = YES;
				CLANG_WARN_UNREACHABLE_CODE = YES;
				CLANG_WARN__DUPLICATE_METHOD_MATCH = YES;
				"CODE_SIGN_IDENTITY[sdk=iphoneos*]" = "iPhone Developer";
				COPY_PHASE_STRIP = NO;
				DEBUG_INFORMATION_FORMAT = dwarf;
				ENABLE_STRICT_OBJC_MSGSEND = YES;
				ENABLE_TESTABILITY = YES;
				GCC_C_LANGUAGE_STANDARD = gnu99;
				GCC_DYNAMIC_NO_PIC = NO;
				GCC_NO_COMMON_BLOCKS = YES;
				GCC_OPTIMIZATION_LEVEL = 0;
				GCC_PREPROCESSOR_DEFINITIONS = (
					"DEBUG=1",
					"$(inherited)",
				);
				GCC_WARN_64_TO_32_BIT_CONVERSION = YES;
				GCC_WARN_ABOUT_RETURN_TYPE = YES_ERROR;
				GCC_WARN_UNDECLARED_SELECTOR = YES;
				GCC_WARN_UNINITIALIZED_AUTOS = YES_AGGRESSIVE;
				GCC_WARN_UNUSED_FUNCTION = YES;
				GCC_WARN_UNUSED_VARIABLE = YES;
				IPHONEOS_DEPLOYMENT_TARGET = 12.1;
				MTL_ENABLE_DEBUG_INFO = YES;
				ONLY_ACTIVE_ARCH = YES;
				SDKROOT = iphoneos;
			};
			name = Debug;
		};
		CE032C8B1D7D880600851FF4 /* Release */ = {
			isa = XCBuildConfiguration;
			buildSettings = {
				ALWAYS_SEARCH_USER_PATHS = NO;
				CLANG_ANALYZER_LOCALIZABILITY_NONLOCALIZED = YES;
				CLANG_ANALYZER_NONNULL = YES;
				CLANG_CXX_LANGUAGE_STANDARD = "gnu++0x";
				CLANG_CXX_LIBRARY = "libc++";
				CLANG_ENABLE_MODULES = YES;
				CLANG_ENABLE_OBJC_ARC = YES;
				CLANG_WARN_BOOL_CONVERSION = YES;
				CLANG_WARN_CONSTANT_CONVERSION = YES;
				CLANG_WARN_DIRECT_OBJC_ISA_USAGE = YES_ERROR;
				CLANG_WARN_EMPTY_BODY = YES;
				CLANG_WARN_ENUM_CONVERSION = YES;
				CLANG_WARN_INFINITE_RECURSION = YES;
				CLANG_WARN_INT_CONVERSION = YES;
				CLANG_WARN_OBJC_ROOT_CLASS = YES_ERROR;
				CLANG_WARN_SUSPICIOUS_MOVE = YES;
				CLANG_WARN_UNREACHABLE_CODE = YES;
				CLANG_WARN__DUPLICATE_METHOD_MATCH = YES;
				"CODE_SIGN_IDENTITY[sdk=iphoneos*]" = "iPhone Developer";
				COPY_PHASE_STRIP = NO;
				DEBUG_INFORMATION_FORMAT = "dwarf-with-dsym";
				ENABLE_NS_ASSERTIONS = NO;
				ENABLE_STRICT_OBJC_MSGSEND = YES;
				GCC_C_LANGUAGE_STANDARD = gnu99;
				GCC_NO_COMMON_BLOCKS = YES;
				GCC_WARN_64_TO_32_BIT_CONVERSION = YES;
				GCC_WARN_ABOUT_RETURN_TYPE = YES_ERROR;
				GCC_WARN_UNDECLARED_SELECTOR = YES;
				GCC_WARN_UNINITIALIZED_AUTOS = YES_AGGRESSIVE;
				GCC_WARN_UNUSED_FUNCTION = YES;
				GCC_WARN_UNUSED_VARIABLE = YES;
				IPHONEOS_DEPLOYMENT_TARGET = 12.1;
				MTL_ENABLE_DEBUG_INFO = NO;
				SDKROOT = iphoneos;
				VALIDATE_PRODUCT = YES;
			};
			name = Release;
		};
		CE032C8D1D7D880600851FF4 /* Debug */ = {
			isa = XCBuildConfiguration;
			baseConfigurationReference = 436258D0220DE5B3CE095429 /* Pods-SAM.debug.xcconfig */;
			buildSettings = {
				ASSETCATALOG_COMPILER_APPICON_NAME = AppIcon;
				CLANG_ENABLE_MODULES = YES;
				CODE_SIGN_ENTITLEMENTS = SAM/SAM.entitlements;
				CODE_SIGN_IDENTITY = "Apple Development";
				"CODE_SIGN_IDENTITY[sdk=iphoneos*]" = "iPhone Developer";
				CODE_SIGN_STYLE = Automatic;
				CURRENT_PROJECT_VERSION = 4;
				DEVELOPMENT_TEAM = UBFH48Y835;
				FRAMEWORK_SEARCH_PATHS = (
					"$(inherited)",
					"$(PROJECT_DIR)",
					"$(PROJECT_DIR)/Pods",
				);
				INFOPLIST_FILE = SAM/Info.plist;
				IPHONEOS_DEPLOYMENT_TARGET = 12.1;
				LD_RUNPATH_SEARCH_PATHS = "$(inherited) @executable_path/Frameworks";
				LIBRARY_SEARCH_PATHS = (
					"$(inherited)",
					"$(PROJECT_DIR)/build/Debug-iphoneos/KeychainItemWrapper",
				);
				MARKETING_VERSION = 2.0;
				PRODUCT_BUNDLE_IDENTIFIER = itstack.SAM;
				PRODUCT_NAME = "$(TARGET_NAME)";
				PROVISIONING_PROFILE_SPECIFIER = "";
				SWIFT_OBJC_BRIDGING_HEADER = "/Users/georgiizuev/Desktop/APP_SAM_WARNING/Font/SAM-Bridging-Header.h";
				SWIFT_OPTIMIZATION_LEVEL = "-Onone";
				SWIFT_VERSION = 5.0;
				TARGETED_DEVICE_FAMILY = 1;
			};
			name = Debug;
		};
		CE032C8E1D7D880600851FF4 /* Release */ = {
			isa = XCBuildConfiguration;
			baseConfigurationReference = B91BD7A479C9816403620E1B /* Pods-SAM.release.xcconfig */;
			buildSettings = {
				ASSETCATALOG_COMPILER_APPICON_NAME = AppIcon;
				CLANG_ENABLE_MODULES = YES;
				CODE_SIGN_ENTITLEMENTS = SAM/SAM.entitlements;
				CODE_SIGN_IDENTITY = "Apple Development";
				"CODE_SIGN_IDENTITY[sdk=iphoneos*]" = "iPhone Developer";
				CODE_SIGN_STYLE = Automatic;
				CURRENT_PROJECT_VERSION = 4;
				DEVELOPMENT_TEAM = UBFH48Y835;
				FRAMEWORK_SEARCH_PATHS = (
					"$(inherited)",
					"$(PROJECT_DIR)",
					"$(PROJECT_DIR)/Pods",
				);
				INFOPLIST_FILE = SAM/Info.plist;
				IPHONEOS_DEPLOYMENT_TARGET = 12.1;
				LD_RUNPATH_SEARCH_PATHS = "$(inherited) @executable_path/Frameworks";
				LIBRARY_SEARCH_PATHS = (
					"$(inherited)",
					"$(PROJECT_DIR)/build/Debug-iphoneos/KeychainItemWrapper",
				);
				MARKETING_VERSION = 2.0;
				PRODUCT_BUNDLE_IDENTIFIER = itstack.SAM;
				PRODUCT_NAME = "$(TARGET_NAME)";
				PROVISIONING_PROFILE_SPECIFIER = "";
				SWIFT_OBJC_BRIDGING_HEADER = "/Users/georgiizuev/Desktop/APP_SAM_WARNING/Font/SAM-Bridging-Header.h";
				SWIFT_VERSION = 5.0;
				TARGETED_DEVICE_FAMILY = 1;
			};
			name = Release;
		};
		CE032C901D7D880600851FF4 /* Debug */ = {
			isa = XCBuildConfiguration;
			buildSettings = {
				ALWAYS_EMBED_SWIFT_STANDARD_LIBRARIES = YES;
				BUNDLE_LOADER = "$(TEST_HOST)";
				INFOPLIST_FILE = SAMTests/Info.plist;
				LD_RUNPATH_SEARCH_PATHS = "$(inherited) @executable_path/Frameworks @loader_path/Frameworks";
				PRODUCT_BUNDLE_IDENTIFIER = freshtech.SAMTests;
				PRODUCT_NAME = "$(TARGET_NAME)";
				TEST_HOST = "$(BUILT_PRODUCTS_DIR)/SAM.app/SAM";
			};
			name = Debug;
		};
		CE032C911D7D880600851FF4 /* Release */ = {
			isa = XCBuildConfiguration;
			buildSettings = {
				ALWAYS_EMBED_SWIFT_STANDARD_LIBRARIES = YES;
				BUNDLE_LOADER = "$(TEST_HOST)";
				INFOPLIST_FILE = SAMTests/Info.plist;
				LD_RUNPATH_SEARCH_PATHS = "$(inherited) @executable_path/Frameworks @loader_path/Frameworks";
				PRODUCT_BUNDLE_IDENTIFIER = freshtech.SAMTests;
				PRODUCT_NAME = "$(TARGET_NAME)";
				TEST_HOST = "$(BUILT_PRODUCTS_DIR)/SAM.app/SAM";
			};
			name = Release;
		};
		CE032C931D7D880600851FF4 /* Debug */ = {
			isa = XCBuildConfiguration;
			buildSettings = {
				ALWAYS_EMBED_SWIFT_STANDARD_LIBRARIES = YES;
				INFOPLIST_FILE = SAMUITests/Info.plist;
				LD_RUNPATH_SEARCH_PATHS = "$(inherited) @executable_path/Frameworks @loader_path/Frameworks";
				PRODUCT_BUNDLE_IDENTIFIER = freshtech.SAMUITests;
				PRODUCT_NAME = "$(TARGET_NAME)";
				TEST_TARGET_NAME = SAM;
			};
			name = Debug;
		};
		CE032C941D7D880600851FF4 /* Release */ = {
			isa = XCBuildConfiguration;
			buildSettings = {
				ALWAYS_EMBED_SWIFT_STANDARD_LIBRARIES = YES;
				INFOPLIST_FILE = SAMUITests/Info.plist;
				LD_RUNPATH_SEARCH_PATHS = "$(inherited) @executable_path/Frameworks @loader_path/Frameworks";
				PRODUCT_BUNDLE_IDENTIFIER = freshtech.SAMUITests;
				PRODUCT_NAME = "$(TARGET_NAME)";
				TEST_TARGET_NAME = SAM;
			};
			name = Release;
		};
/* End XCBuildConfiguration section */

/* Begin XCConfigurationList section */
		CE032C5A1D7D880600851FF4 /* Build configuration list for PBXProject "SAM" */ = {
			isa = XCConfigurationList;
			buildConfigurations = (
				CE032C8A1D7D880600851FF4 /* Debug */,
				CE032C8B1D7D880600851FF4 /* Release */,
			);
			defaultConfigurationIsVisible = 0;
			defaultConfigurationName = Release;
		};
		CE032C8C1D7D880600851FF4 /* Build configuration list for PBXNativeTarget "SAM" */ = {
			isa = XCConfigurationList;
			buildConfigurations = (
				CE032C8D1D7D880600851FF4 /* Debug */,
				CE032C8E1D7D880600851FF4 /* Release */,
			);
			defaultConfigurationIsVisible = 0;
			defaultConfigurationName = Release;
		};
		CE032C8F1D7D880600851FF4 /* Build configuration list for PBXNativeTarget "SAMTests" */ = {
			isa = XCConfigurationList;
			buildConfigurations = (
				CE032C901D7D880600851FF4 /* Debug */,
				CE032C911D7D880600851FF4 /* Release */,
			);
			defaultConfigurationIsVisible = 0;
			defaultConfigurationName = Release;
		};
		CE032C921D7D880600851FF4 /* Build configuration list for PBXNativeTarget "SAMUITests" */ = {
			isa = XCConfigurationList;
			buildConfigurations = (
				CE032C931D7D880600851FF4 /* Debug */,
				CE032C941D7D880600851FF4 /* Release */,
			);
			defaultConfigurationIsVisible = 0;
			defaultConfigurationName = Release;
		};
/* End XCConfigurationList section */
	};
	rootObject = CE032C571D7D880600851FF4 /* Project object */;
}
