PODS:
  - AFNetworking (3.2.1):
    - AFNetworking/NSURLSession (= 3.2.1)
    - AFNetworking/Reachability (= 3.2.1)
    - AFNetworking/Security (= 3.2.1)
    - AFNetworking/Serialization (= 3.2.1)
    - AFNetworking/UIKit (= 3.2.1)
  - AFNetworking/NSURLSession (3.2.1):
    - AFNetworking/Reachability
    - AFNetworking/Security
    - AFNetworking/Serialization
  - AFNetworking/Reachability (3.2.1)
  - AFNetworking/Security (3.2.1)
  - AFNetworking/Serialization (3.2.1)
  - AFNetworking/UIKit (3.2.1):
    - AFNetworking/NSURLSession
  - CCDropDownMenus (0.1.2)
  - FunctionalSwift (1.1.2)
  - Reachability (3.2)
  - When (4.0.0)
  - YandexCheckoutPayments (2.2.0):
    - FunctionalSwift (~> 1.1.0)
    - When (~> 4.0.0)
    - YandexCheckoutPaymentsApi (~> 1.5.0)
    - YandexCheckoutShowcaseApi (~> 1.2.0)
    - YandexCheckoutWalletApi (~> 1.2.0)
    - YandexLoginSDK (~> 2.0.0)
    - YandexMobileMetrica/Dynamic (~> 3.7.0)
    - YandexMoneyCoreApi (~> 1.7.0)
  - YandexCheckoutPaymentsApi (1.5.0):
    - FunctionalSwift (~> 1.1.0)
    - YandexMoneyCoreApi (~> 1.7.0)
  - YandexCheckoutShowcaseApi (1.2.0):
    - FunctionalSwift (~> 1.1.0)
    - YandexMoneyCoreApi (~> 1.7.0)
  - YandexCheckoutWalletApi (1.2.0):
    - FunctionalSwift (~> 1.1.0)
    - YandexMoneyCoreApi (~> 1.7.0)
  - YandexLoginSDK (2.0.2)
  - YandexMobileMetrica/Dynamic (3.7.1):
    - YandexMobileMetrica/Dynamic/Core (= 3.7.1)
    - YandexMobileMetrica/Dynamic/Crashes (= 3.7.1)
  - YandexMobileMetrica/Dynamic/Core (3.7.1)
  - YandexMobileMetrica/Dynamic/Crashes (3.7.1):
    - YandexMobileMetrica/Dynamic/Core
  - YandexMoneyCoreApi (1.7.0):
    - FunctionalSwift (~> 1.1.0)

DEPENDENCIES:
  - AFNetworking (~> 3.0)
  - CCDropDownMenus
  - Reachability (~> 3.2)
  - YandexCheckoutPayments (from `https://github.com/yandex-money/yandex-checkout-payments-swift.git`, tag `2.2.0`)

SPEC REPOS:
  https://github.com/CocoaPods/Specs.git:
    - AFNetworking
    - CCDropDownMenus
    - FunctionalSwift
    - Reachability
    - When
    - YandexCheckoutPaymentsApi
    - YandexCheckoutShowcaseApi
    - YandexCheckoutWalletApi
    - YandexLoginSDK
    - YandexMobileMetrica
    - YandexMoneyCoreApi

EXTERNAL SOURCES:
  YandexCheckoutPayments:
    :git: https://github.com/yandex-money/yandex-checkout-payments-swift.git
    :tag: 2.2.0

CHECKOUT OPTIONS:
  YandexCheckoutPayments:
    :git: https://github.com/yandex-money/yandex-checkout-payments-swift.git
    :tag: 2.2.0

SPEC CHECKSUMS:
  AFNetworking: b6f891fdfaed196b46c7a83cf209e09697b94057
  CCDropDownMenus: ee65b63286a16354907fdde49c40c1817f463470
  FunctionalSwift: 8ac888d5c2f2c0ce6bf7d48daea1408a8bfdd864
  Reachability: 33e18b67625424e47b6cde6d202dce689ad7af96
  When: 4ffc88d535a094ad4bd5eaf2fd187de747e716d1
  YandexCheckoutPayments: 3329bb2e6d7c9228d4c0de9152c41ae4e890025b
  YandexCheckoutPaymentsApi: e3f45d08993fc8e67f63c28d194b04d25a31e303
  YandexCheckoutShowcaseApi: 44382163176b3a53692fa1c3b85c0c8d0a82b7e6
  YandexCheckoutWalletApi: 5d2774cd1216ee0ce47d6412184008b37caeaeac
  YandexLoginSDK: cd407482207b4b7da75c5f7d7fd2fdd6a604c325
  YandexMobileMetrica: 95e93ee5af38520c9e470533dc8df6cf72fa171d
  YandexMoneyCoreApi: 3d9364913ee91bf3f453d75c9d10fef3ccc9dc4f

PODFILE CHECKSUM: f4a199b72a028ac258ab769a705af0eb60b08237

COCOAPODS: 1.8.3
